{
  "lockfile-version": 1,
  "manifest": {
    "version": 1,
    "install": {
      "cloud-provider-kind": {
        "pkg-path": "cloud-provider-kind",
        "version": "0.6.0"
      },
      "colima": {
        "pkg-path": "colima",
        "version": "0.8.4"
      },
      "docker": {
        "pkg-path": "docker",
        "version": "28.3.3"
      },
      "go": {
        "pkg-path": "go",
        "version": "1.24.6"
      },
      "hurl": {
        "pkg-path": "hurl",
        "pkg-group": "hurl",
        "version": "6.1.1"
      },
      "kind": {
        "pkg-path": "kind",
        "version": "0.29.0"
      },
      "kubectl": {
        "pkg-path": "kubectl",
        "version": "1.33.4"
      },
      "kubefwd": {
        "pkg-path": "kubefwd",
        "version": "1.22.5"
      },
      "kubernetes-helm": {
        "pkg-path": "kubernetes-helm",
        "pkg-group": "helm",
        "version": "3.17.3"
      },
      "kyverno-chainsaw": {
        "pkg-path": "kyverno-chainsaw",
        "version": "0.2.12"
      },
      "lima-additional-guestagents": {
        "pkg-path": "lima-additional-guestagents",
        "pkg-group": "lima",
        "version": "1.1.1"
      },
      "python3": {
        "pkg-path": "python3",
        "pkg-group": "python3-isolated",
        "version": "3.12.10"
      }
    },
    "hook": {
      "on-activate": "  # Autogenerated by Flox\n\n  # Point GOENV to Flox environment cache\n  export GOENV=\"$FLOX_ENV_CACHE/goenv\"\n\n  # Install Go dependencies\n  go get .\n\n  # End autogenerated by Flox\n"
    },
    "profile": {},
    "options": {
      "systems": [
        "aarch64-darwin",
        "aarch64-linux",
        "x86_64-darwin",
        "x86_64-linux"
      ]
    }
  },
  "packages": [
    {
      "attr_path": "kubernetes-helm",
      "broken": false,
      "derivation": "/nix/store/s2w5pyvhjzfdvphx2zp8dzql4fhfifw4-kubernetes-helm-3.17.3.drv",
      "description": "Package manager for kubernetes",
      "install_id": "kubernetes-helm",
      "license": "Apache-2.0",
      "locked_url": "https://github.com/flox/nixpkgs?rev=3e3afe5174c561dee0df6f2c2b2236990146329f",
      "name": "kubernetes-helm-3.17.3",
      "pname": "kubernetes-helm",
      "rev": "3e3afe5174c561dee0df6f2c2b2236990146329f",
      "rev_count": 811950,
      "rev_date": "2025-06-07T08:35:48Z",
      "scrape_date": "2025-06-09T04:23:52.076474Z",
      "stabilities": [
        "staging",
        "unstable"
      ],
      "unfree": false,
      "version": "3.17.3",
      "outputs_to_install": [
        "out"
      ],
      "outputs": {
        "out": "/nix/store/mg9rya9swd6lymmarlgjmx2m037ydngc-kubernetes-helm-3.17.3"
      },
      "system": "aarch64-darwin",
      "group": "helm",
      "priority": 5
    },
    {
      "attr_path": "kubernetes-helm",
      "broken": false,
      "derivation": "/nix/store/9rcvd6zw37c6bsi9a3jrq73yd988z7q9-kubernetes-helm-3.17.3.drv",
      "description": "Package manager for kubernetes",
      "install_id": "kubernetes-helm",
      "license": "Apache-2.0",
      "locked_url": "https://github.com/flox/nixpkgs?rev=3e3afe5174c561dee0df6f2c2b2236990146329f",
      "name": "kubernetes-helm-3.17.3",
      "pname": "kubernetes-helm",
      "rev": "3e3afe5174c561dee0df6f2c2b2236990146329f",
      "rev_count": 811950,
      "rev_date": "2025-06-07T08:35:48Z",
      "scrape_date": "2025-06-09T04:42:01.174599Z",
      "stabilities": [
        "staging",
        "unstable"
      ],
      "unfree": false,
      "version": "3.17.3",
      "outputs_to_install": [
        "out"
      ],
      "outputs": {
        "out": "/nix/store/kd9x5i47ydamzw514a6lc6r1i0ybiygn-kubernetes-helm-3.17.3"
      },
      "system": "aarch64-linux",
      "group": "helm",
      "priority": 5
    },
    {
      "attr_path": "kubernetes-helm",
      "broken": false,
      "derivation": "/nix/store/55hrp7cq7v91jh9lkhfjpbrfq0b0iihy-kubernetes-helm-3.17.3.drv",
      "description": "Package manager for kubernetes",
      "install_id": "kubernetes-helm",
      "license": "Apache-2.0",
      "locked_url": "https://github.com/flox/nixpkgs?rev=3e3afe5174c561dee0df6f2c2b2236990146329f",
      "name": "kubernetes-helm-3.17.3",
      "pname": "kubernetes-helm",
      "rev": "3e3afe5174c561dee0df6f2c2b2236990146329f",
      "rev_count": 811950,
      "rev_date": "2025-06-07T08:35:48Z",
      "scrape_date": "2025-06-09T04:58:22.337208Z",
      "stabilities": [
        "staging",
        "unstable"
      ],
      "unfree": false,
      "version": "3.17.3",
      "outputs_to_install": [
        "out"
      ],
      "outputs": {
        "out": "/nix/store/kiy0fscxlhdyy1v7rj290g0vbwa62m3i-kubernetes-helm-3.17.3"
      },
      "system": "x86_64-darwin",
      "group": "helm",
      "priority": 5
    },
    {
      "attr_path": "kubernetes-helm",
      "broken": false,
      "derivation": "/nix/store/ymkj3c0bdhlhrkh9l03qs839fhbfag97-kubernetes-helm-3.17.3.drv",
      "description": "Package manager for kubernetes",
      "install_id": "kubernetes-helm",
      "license": "Apache-2.0",
      "locked_url": "https://github.com/flox/nixpkgs?rev=3e3afe5174c561dee0df6f2c2b2236990146329f",
      "name": "kubernetes-helm-3.17.3",
      "pname": "kubernetes-helm",
      "rev": "3e3afe5174c561dee0df6f2c2b2236990146329f",
      "rev_count": 811950,
      "rev_date": "2025-06-07T08:35:48Z",
      "scrape_date": "2025-06-09T05:17:44.773797Z",
      "stabilities": [
        "staging",
        "unstable"
      ],
      "unfree": false,
      "version": "3.17.3",
      "outputs_to_install": [
        "out"
      ],
      "outputs": {
        "out": "/nix/store/z8fh9w8y3hlckw7zqi29hgfz0x5gyi0s-kubernetes-helm-3.17.3"
      },
      "system": "x86_64-linux",
      "group": "helm",
      "priority": 5
    },
    {
      "attr_path": "hurl",
      "broken": false,
      "derivation": "/nix/store/c411cb408dnm2r6cwxl0g03bh1x3k1f4-hurl-6.1.1.drv",
      "description": "Command line tool that performs HTTP requests defined in a simple plain text format",
      "install_id": "hurl",
      "license": "Apache-2.0",
      "locked_url": "https://github.com/flox/nixpkgs?rev=20075955deac2583bb12f07151c2df830ef346b4",
      "name": "hurl-6.1.1",
      "pname": "hurl",
      "rev": "20075955deac2583bb12f07151c2df830ef346b4",
      "rev_count": 846535,
      "rev_date": "2025-08-19T15:00:17Z",
      "scrape_date": "2025-08-24T15:38:54.242775Z",
      "stabilities": [
        "unstable"
      ],
      "unfree": false,
      "version": "6.1.1",
      "outputs_to_install": [
        "out"
      ],
      "outputs": {
        "out": "/nix/store/5mwqjv0zawqbjn2qxa2qz27g6ng69z6l-hurl-6.1.1"
      },
      "system": "aarch64-darwin",
      "group": "hurl",
      "priority": 5
    },
    {
      "attr_path": "hurl",
      "broken": false,
      "derivation": "/nix/store/a00cbg205srb3bk4hkf552ih1a06pw6x-hurl-6.1.1.drv",
      "description": "Command line tool that performs HTTP requests defined in a simple plain text format",
      "install_id": "hurl",
      "license": "Apache-2.0",
      "locked_url": "https://github.com/flox/nixpkgs?rev=20075955deac2583bb12f07151c2df830ef346b4",
      "name": "hurl-6.1.1",
      "pname": "hurl",
      "rev": "20075955deac2583bb12f07151c2df830ef346b4",
      "rev_count": 846535,
      "rev_date": "2025-08-19T15:00:17Z",
      "scrape_date": "2025-08-24T16:05:27.838512Z",
      "stabilities": [
        "unstable"
      ],
      "unfree": false,
      "version": "6.1.1",
      "outputs_to_install": [
        "out"
      ],
      "outputs": {
        "out": "/nix/store/qa86gc6gcriz9zyafi58r2l83a72f2f2-hurl-6.1.1"
      },
      "system": "aarch64-linux",
      "group": "hurl",
      "priority": 5
    },
    {
      "attr_path": "hurl",
      "broken": false,
      "derivation": "/nix/store/sf5yyygxhn6glyndkxnmgvmcwy6disp4-hurl-6.1.1.drv",
      "description": "Command line tool that performs HTTP requests defined in a simple plain text format",
      "install_id": "hurl",
      "license": "Apache-2.0",
      "locked_url": "https://github.com/flox/nixpkgs?rev=20075955deac2583bb12f07151c2df830ef346b4",
      "name": "hurl-6.1.1",
      "pname": "hurl",
      "rev": "20075955deac2583bb12f07151c2df830ef346b4",
      "rev_count": 846535,
      "rev_date": "2025-08-19T15:00:17Z",
      "scrape_date": "2025-08-24T16:29:26.486119Z",
      "stabilities": [
        "unstable"
      ],
      "unfree": false,
      "version": "6.1.1",
      "outputs_to_install": [
        "out"
      ],
      "outputs": {
        "out": "/nix/store/2hf9bn41fjygny1nnyb9i1aq8swkw1c8-hurl-6.1.1"
      },
      "system": "x86_64-darwin",
      "group": "hurl",
      "priority": 5
    },
    {
      "attr_path": "hurl",
      "broken": false,
      "derivation": "/nix/store/m12m1zhyfx3psa9vm5ak6avmq424bwi9-hurl-6.1.1.drv",
      "description": "Command line tool that performs HTTP requests defined in a simple plain text format",
      "install_id": "hurl",
      "license": "Apache-2.0",
      "locked_url": "https://github.com/flox/nixpkgs?rev=20075955deac2583bb12f07151c2df830ef346b4",
      "name": "hurl-6.1.1",
      "pname": "hurl",
      "rev": "20075955deac2583bb12f07151c2df830ef346b4",
      "rev_count": 846535,
      "rev_date": "2025-08-19T15:00:17Z",
      "scrape_date": "2025-08-24T16:57:29.268426Z",
      "stabilities": [
        "unstable"
      ],
      "unfree": false,
      "version": "6.1.1",
      "outputs_to_install": [
        "out"
      ],
      "outputs": {
        "out": "/nix/store/82g9bzqf0w1ph95a4q9vwzx696jsz44q-hurl-6.1.1"
      },
      "system": "x86_64-linux",
      "group": "hurl",
      "priority": 5
    },
    {
      "attr_path": "lima-additional-guestagents",
      "broken": false,
      "derivation": "/nix/store/hff5hmibwdgrxw1r0rxgbrprdy9dgkq1-lima-additional-guestagents-1.1.1.drv",
      "description": "Lima Guest Agents for emulating non-native architectures",
      "install_id": "lima-additional-guestagents",
      "license": "Apache-2.0",
      "locked_url": "https://github.com/flox/nixpkgs?rev=6e987485eb2c77e5dcc5af4e3c70843711ef9251",
      "name": "lima-additional-guestagents-1.1.1",
      "pname": "lima-additional-guestagents",
      "rev": "6e987485eb2c77e5dcc5af4e3c70843711ef9251",
      "rev_count": 831064,
      "rev_date": "2025-07-16T17:35:22Z",
      "scrape_date": "2025-07-19T00:32:25.813297Z",
      "stabilities": [
        "unstable"
      ],
      "unfree": false,
      "version": "1.1.1",
      "outputs_to_install": [
        "out"
      ],
      "outputs": {
        "out": "/nix/store/hh90ha69gc0mj2m7awd6a3irg0fbilkf-lima-additional-guestagents-1.1.1"
      },
      "system": "aarch64-darwin",
      "group": "lima",
      "priority": 5
    },
    {
      "attr_path": "lima-additional-guestagents",
      "broken": false,
      "derivation": "/nix/store/mzan5iy8gay72n2dhzv5bgl3vw93vrmg-lima-additional-guestagents-1.1.1.drv",
      "description": "Lima Guest Agents for emulating non-native architectures",
      "install_id": "lima-additional-guestagents",
      "license": "Apache-2.0",
      "locked_url": "https://github.com/flox/nixpkgs?rev=6e987485eb2c77e5dcc5af4e3c70843711ef9251",
      "name": "lima-additional-guestagents-1.1.1",
      "pname": "lima-additional-guestagents",
      "rev": "6e987485eb2c77e5dcc5af4e3c70843711ef9251",
      "rev_count": 831064,
      "rev_date": "2025-07-16T17:35:22Z",
      "scrape_date": "2025-07-19T00:58:07.150151Z",
      "stabilities": [
        "unstable"
      ],
      "unfree": false,
      "version": "1.1.1",
      "outputs_to_install": [
        "out"
      ],
      "outputs": {
        "out": "/nix/store/66n164jr06wx1s807dfiblg04yx1wgfz-lima-additional-guestagents-1.1.1"
      },
      "system": "aarch64-linux",
      "group": "lima",
      "priority": 5
    },
    {
      "attr_path": "lima-additional-guestagents",
      "broken": false,
      "derivation": "/nix/store/lbd592s42chyvyljqqrjwqa7rc2snsny-lima-additional-guestagents-1.1.1.drv",
      "description": "Lima Guest Agents for emulating non-native architectures",
      "install_id": "lima-additional-guestagents",
      "license": "Apache-2.0",
      "locked_url": "https://github.com/flox/nixpkgs?rev=6e987485eb2c77e5dcc5af4e3c70843711ef9251",
      "name": "lima-additional-guestagents-1.1.1",
      "pname": "lima-additional-guestagents",
      "rev": "6e987485eb2c77e5dcc5af4e3c70843711ef9251",
      "rev_count": 831064,
      "rev_date": "2025-07-16T17:35:22Z",
      "scrape_date": "2025-07-19T01:21:13.512683Z",
      "stabilities": [
        "unstable"
      ],
      "unfree": false,
      "version": "1.1.1",
      "outputs_to_install": [
        "out"
      ],
      "outputs": {
        "out": "/nix/store/ixdm5l3aihwfkkivqbqvk7kb1rjvhsb7-lima-additional-guestagents-1.1.1"
      },
      "system": "x86_64-darwin",
      "group": "lima",
      "priority": 5
    },
    {
      "attr_path": "lima-additional-guestagents",
      "broken": false,
      "derivation": "/nix/store/638vvrzwhjdzfmj7v549wznw5dadcrgc-lima-additional-guestagents-1.1.1.drv",
      "description": "Lima Guest Agents for emulating non-native architectures",
      "install_id": "lima-additional-guestagents",
      "license": "Apache-2.0",
      "locked_url": "https://github.com/flox/nixpkgs?rev=6e987485eb2c77e5dcc5af4e3c70843711ef9251",
      "name": "lima-additional-guestagents-1.1.1",
      "pname": "lima-additional-guestagents",
      "rev": "6e987485eb2c77e5dcc5af4e3c70843711ef9251",
      "rev_count": 831064,
      "rev_date": "2025-07-16T17:35:22Z",
      "scrape_date": "2025-07-19T01:48:27.657898Z",
      "stabilities": [
        "unstable"
      ],
      "unfree": false,
      "version": "1.1.1",
      "outputs_to_install": [
        "out"
      ],
      "outputs": {
        "out": "/nix/store/knrlgslqm2b86q75lqmsjrw7bbsf5g3h-lima-additional-guestagents-1.1.1"
      },
      "system": "x86_64-linux",
      "group": "lima",
      "priority": 5
    },
    {
      "attr_path": "python3",
      "broken": false,
      "derivation": "/nix/store/b3gcarlbbnfv6walgjbcf21ay5n609p1-python3-3.12.10.drv",
      "description": "High-level dynamically-typed programming language",
      "install_id": "python3",
      "license": "Python-2.0",
      "locked_url": "https://github.com/flox/nixpkgs?rev=9e83b64f727c88a7711a2c463a7b16eedb69a84c",
      "name": "python3-3.12.10",
      "pname": "python3",
      "rev": "9e83b64f727c88a7711a2c463a7b16eedb69a84c",
      "rev_count": 816272,
      "rev_date": "2025-06-17T04:31:58Z",
      "scrape_date": "2025-06-18T00:36:24.954481Z",
      "stabilities": [
        "staging",
        "unstable"
      ],
      "unfree": false,
      "version": "3.12.10",
      "outputs_to_install": [
        "out"
      ],
      "outputs": {
        "out": "/nix/store/v0vy1c59f0vf71h64caw17hzymvg0zms-python3-3.12.10"
      },
      "system": "aarch64-darwin",
      "group": "python3-isolated",
      "priority": 5
    },
    {
      "attr_path": "python3",
      "broken": false,
      "derivation": "/nix/store/255a922py8f7cs97nwazx68jiz2zl0r8-python3-3.12.10.drv",
      "description": "High-level dynamically-typed programming language",
      "install_id": "python3",
      "license": "Python-2.0",
      "locked_url": "https://github.com/flox/nixpkgs?rev=9e83b64f727c88a7711a2c463a7b16eedb69a84c",
      "name": "python3-3.12.10",
      "pname": "python3",
      "rev": "9e83b64f727c88a7711a2c463a7b16eedb69a84c",
      "rev_count": 816272,
      "rev_date": "2025-06-17T04:31:58Z",
      "scrape_date": "2025-06-18T00:55:10.781687Z",
      "stabilities": [
        "staging",
        "unstable"
      ],
      "unfree": false,
      "version": "3.12.10",
      "outputs_to_install": [
        "out"
      ],
      "outputs": {
        "debug": "/nix/store/p61ablwahkxdx97pwlz29b04zpncgmvg-python3-3.12.10-debug",
        "out": "/nix/store/rpf3admp58i0lwmsbv0y3dg7l7qqj4a9-python3-3.12.10"
      },
      "system": "aarch64-linux",
      "group": "python3-isolated",
      "priority": 5
    },
    {
      "attr_path": "python3",
      "broken": false,
      "derivation": "/nix/store/6bz0xjfswjawj6anvyw9mbk8fh8rd6sw-python3-3.12.10.drv",
      "description": "High-level dynamically-typed programming language",
      "install_id": "python3",
      "license": "Python-2.0",
      "locked_url": "https://github.com/flox/nixpkgs?rev=9e83b64f727c88a7711a2c463a7b16eedb69a84c",
      "name": "python3-3.12.10",
      "pname": "python3",
      "rev": "9e83b64f727c88a7711a2c463a7b16eedb69a84c",
      "rev_count": 816272,
      "rev_date": "2025-06-17T04:31:58Z",
      "scrape_date": "2025-06-18T01:12:32.471151Z",
      "stabilities": [
        "staging",
        "unstable"
      ],
      "unfree": false,
      "version": "3.12.10",
      "outputs_to_install": [
        "out"
      ],
      "outputs": {
        "out": "/nix/store/g13l84j8gn1fdhl3pzkg2r9ip9jz1hhd-python3-3.12.10"
      },
      "system": "x86_64-darwin",
      "group": "python3-isolated",
      "priority": 5
    },
    {
      "attr_path": "python3",
      "broken": false,
      "derivation": "/nix/store/h95xflanqqarxi1j9wxmmvsh62yz8nv1-python3-3.12.10.drv",
      "description": "High-level dynamically-typed programming language",
      "install_id": "python3",
      "license": "Python-2.0",
      "locked_url": "https://github.com/flox/nixpkgs?rev=9e83b64f727c88a7711a2c463a7b16eedb69a84c",
      "name": "python3-3.12.10",
      "pname": "python3",
      "rev": "9e83b64f727c88a7711a2c463a7b16eedb69a84c",
      "rev_count": 816272,
      "rev_date": "2025-06-17T04:31:58Z",
      "scrape_date": "2025-06-18T01:32:53.612669Z",
      "stabilities": [
        "staging",
        "unstable"
      ],
      "unfree": false,
      "version": "3.12.10",
      "outputs_to_install": [
        "out"
      ],
      "outputs": {
        "debug": "/nix/store/fi03x2bn49bmm3h53snkdmkypilnd5n2-python3-3.12.10-debug",
        "out": "/nix/store/8w718rm43x7z73xhw9d6vh8s4snrq67h-python3-3.12.10"
      },
      "system": "x86_64-linux",
      "group": "python3-isolated",
      "priority": 5
    },
    {
      "attr_path": "cloud-provider-kind",
      "broken": false,
      "derivation": "/nix/store/a9c68ijdbbz1gq2pig2gz849rhayglx3-cloud-provider-kind-0.6.0.drv",
      "description": "Load Balancer implementation for Kubernetes-in-Docker",
      "install_id": "cloud-provider-kind",
      "license": "Apache-2.0",
      "locked_url": "https://github.com/flox/nixpkgs?rev=dfb2f12e899db4876308eba6d93455ab7da304cd",
      "name": "cloud-provider-kind-0.6.0",
      "pname": "cloud-provider-kind",
      "rev": "dfb2f12e899db4876308eba6d93455ab7da304cd",
      "rev_count": 853093,
      "rev_date": "2025-08-28T13:12:38Z",
      "scrape_date": "2025-08-30T03:27:58.968485Z",
      "stabilities": [
        "unstable"
      ],
      "unfree": false,
      "version": "0.6.0",
      "outputs_to_install": [
        "out"
      ],
      "outputs": {
        "out": "/nix/store/dl1jn4ha0hwjkclh6clhxglq3sb27cli-cloud-provider-kind-0.6.0"
      },
      "system": "aarch64-darwin",
      "group": "toplevel",
      "priority": 5
    },
    {
      "attr_path": "cloud-provider-kind",
      "broken": false,
      "derivation": "/nix/store/cg95niwf9cdcllwvimxbsxzlng1z082k-cloud-provider-kind-0.6.0.drv",
      "description": "Load Balancer implementation for Kubernetes-in-Docker",
      "install_id": "cloud-provider-kind",
      "license": "Apache-2.0",
      "locked_url": "https://github.com/flox/nixpkgs?rev=dfb2f12e899db4876308eba6d93455ab7da304cd",
      "name": "cloud-provider-kind-0.6.0",
      "pname": "cloud-provider-kind",
      "rev": "dfb2f12e899db4876308eba6d93455ab7da304cd",
      "rev_count": 853093,
      "rev_date": "2025-08-28T13:12:38Z",
      "scrape_date": "2025-08-30T03:36:12.187196Z",
      "stabilities": [
        "unstable"
      ],
      "unfree": false,
      "version": "0.6.0",
      "outputs_to_install": [
        "out"
      ],
      "outputs": {
        "out": "/nix/store/ykmmal2rh293lzpxhfzki0jwibbzczyp-cloud-provider-kind-0.6.0"
      },
      "system": "aarch64-linux",
      "group": "toplevel",
      "priority": 5
    },
    {
      "attr_path": "cloud-provider-kind",
      "broken": false,
      "derivation": "/nix/store/zns9zg2jmggs0ba91z5jqz1gpjbq9cbv-cloud-provider-kind-0.6.0.drv",
      "description": "Load Balancer implementation for Kubernetes-in-Docker",
      "install_id": "cloud-provider-kind",
      "license": "Apache-2.0",
      "locked_url": "https://github.com/flox/nixpkgs?rev=dfb2f12e899db4876308eba6d93455ab7da304cd",
      "name": "cloud-provider-kind-0.6.0",
      "pname": "cloud-provider-kind",
      "rev": "dfb2f12e899db4876308eba6d93455ab7da304cd",
      "rev_count": 853093,
      "rev_date": "2025-08-28T13:12:38Z",
      "scrape_date": "2025-08-30T03:44:13.440094Z",
      "stabilities": [
        "unstable"
      ],
      "unfree": false,
      "version": "0.6.0",
      "outputs_to_install": [
        "out"
      ],
      "outputs": {
        "out": "/nix/store/kq76l5m1xkxikfgq2nqlgvwksyjzy8np-cloud-provider-kind-0.6.0"
      },
      "system": "x86_64-darwin",
      "group": "toplevel",
      "priority": 5
    },
    {
      "attr_path": "cloud-provider-kind",
      "broken": false,
      "derivation": "/nix/store/pazainxppi0r2pzbkqqww1rnn92fihag-cloud-provider-kind-0.6.0.drv",
      "description": "Load Balancer implementation for Kubernetes-in-Docker",
      "install_id": "cloud-provider-kind",
      "license": "Apache-2.0",
      "locked_url": "https://github.com/flox/nixpkgs?rev=dfb2f12e899db4876308eba6d93455ab7da304cd",
      "name": "cloud-provider-kind-0.6.0",
      "pname": "cloud-provider-kind",
      "rev": "dfb2f12e899db4876308eba6d93455ab7da304cd",
      "rev_count": 853093,
      "rev_date": "2025-08-28T13:12:38Z",
      "scrape_date": "2025-08-30T03:51:37.885747Z",
      "stabilities": [
        "unstable"
      ],
      "unfree": false,
      "version": "0.6.0",
      "outputs_to_install": [
        "out"
      ],
      "outputs": {
        "out": "/nix/store/4gmvjrfmdvkj36jv9cwbp7axar3qgic7-cloud-provider-kind-0.6.0"
      },
      "system": "x86_64-linux",
      "group": "toplevel",
      "priority": 5
    },
    {
      "attr_path": "colima",
      "broken": false,
      "derivation": "/nix/store/97l254v5w9b0hqlf91w777nfwvzpy9vp-colima-0.8.4.drv",
      "description": "Container runtimes with minimal setup",
      "install_id": "colima",
      "license": "MIT",
      "locked_url": "https://github.com/flox/nixpkgs?rev=dfb2f12e899db4876308eba6d93455ab7da304cd",
      "name": "colima-0.8.4",
      "pname": "colima",
      "rev": "dfb2f12e899db4876308eba6d93455ab7da304cd",
      "rev_count": 853093,
      "rev_date": "2025-08-28T13:12:38Z",
      "scrape_date": "2025-08-30T03:27:58.990225Z",
      "stabilities": [
        "unstable"
      ],
      "unfree": false,
      "version": "0.8.4",
      "outputs_to_install": [
        "out"
      ],
      "outputs": {
        "out": "/nix/store/z74l0a3h3ljkyvvixvyhi3m6bz5sggbc-colima-0.8.4"
      },
      "system": "aarch64-darwin",
      "group": "toplevel",
      "priority": 5
    },
    {
      "attr_path": "colima",
      "broken": false,
      "derivation": "/nix/store/vvwgmd7qf9cs15khn8cnhaqp1f3l95dj-colima-0.8.4.drv",
      "description": "Container runtimes with minimal setup",
      "install_id": "colima",
      "license": "MIT",
      "locked_url": "https://github.com/flox/nixpkgs?rev=dfb2f12e899db4876308eba6d93455ab7da304cd",
      "name": "colima-0.8.4",
      "pname": "colima",
      "rev": "dfb2f12e899db4876308eba6d93455ab7da304cd",
      "rev_count": 853093,
      "rev_date": "2025-08-28T13:12:38Z",
      "scrape_date": "2025-08-30T03:36:12.216343Z",
      "stabilities": [
        "unstable"
      ],
      "unfree": false,
      "version": "0.8.4",
      "outputs_to_install": [
        "out"
      ],
      "outputs": {
        "out": "/nix/store/nzydvlww1bc4mpzq33il0qv0qgzyf7f1-colima-0.8.4"
      },
      "system": "aarch64-linux",
      "group": "toplevel",
      "priority": 5
    },
    {
      "attr_path": "colima",
      "broken": false,
      "derivation": "/nix/store/15v5k34z5bm26z4d880dl2lfqjxkd4pn-colima-0.8.4.drv",
      "description": "Container runtimes with minimal setup",
      "install_id": "colima",
      "license": "MIT",
      "locked_url": "https://github.com/flox/nixpkgs?rev=dfb2f12e899db4876308eba6d93455ab7da304cd",
      "name": "colima-0.8.4",
      "pname": "colima",
      "rev": "dfb2f12e899db4876308eba6d93455ab7da304cd",
      "rev_count": 853093,
      "rev_date": "2025-08-28T13:12:38Z",
      "scrape_date": "2025-08-30T03:44:13.463349Z",
      "stabilities": [
        "unstable"
      ],
      "unfree": false,
      "version": "0.8.4",
      "outputs_to_install": [
        "out"
      ],
      "outputs": {
        "out": "/nix/store/kb1di609r7sjad4brwrmh90v85pjg8a9-colima-0.8.4"
      },
      "system": "x86_64-darwin",
      "group": "toplevel",
      "priority": 5
    },
    {
      "attr_path": "colima",
      "broken": false,
      "derivation": "/nix/store/v8jjz9kwkxpjyhb2k09lfjy7xjfhb70m-colima-0.8.4.drv",
      "description": "Container runtimes with minimal setup",
      "install_id": "colima",
      "license": "MIT",
      "locked_url": "https://github.com/flox/nixpkgs?rev=dfb2f12e899db4876308eba6d93455ab7da304cd",
      "name": "colima-0.8.4",
      "pname": "colima",
      "rev": "dfb2f12e899db4876308eba6d93455ab7da304cd",
      "rev_count": 853093,
      "rev_date": "2025-08-28T13:12:38Z",
      "scrape_date": "2025-08-30T03:51:37.917773Z",
      "stabilities": [
        "unstable"
      ],
      "unfree": false,
      "version": "0.8.4",
      "outputs_to_install": [
        "out"
      ],
      "outputs": {
        "out": "/nix/store/si8kjw5zi7drqs1hlnbkyrlwf9k3cdgh-colima-0.8.4"
      },
      "system": "x86_64-linux",
      "group": "toplevel",
      "priority": 5
    },
    {
      "attr_path": "docker",
      "broken": false,
      "derivation": "/nix/store/zjjn35ckpxwy8kcj2b33f81hjrwxvisc-docker-28.3.3.drv",
      "description": "Open source project to pack, ship and run any application as a lightweight container",
      "install_id": "docker",
      "license": "Apache-2.0",
      "locked_url": "https://github.com/flox/nixpkgs?rev=dfb2f12e899db4876308eba6d93455ab7da304cd",
      "name": "docker-28.3.3",
      "pname": "docker",
      "rev": "dfb2f12e899db4876308eba6d93455ab7da304cd",
      "rev_count": 853093,
      "rev_date": "2025-08-28T13:12:38Z",
      "scrape_date": "2025-08-30T03:27:59.205184Z",
      "stabilities": [
        "unstable"
      ],
      "unfree": false,
      "version": "28.3.3",
      "outputs_to_install": [
        "out"
      ],
      "outputs": {
        "out": "/nix/store/hingyj7jjl5qkhm54px0wnxbr50ilq7c-docker-28.3.3"
      },
      "system": "aarch64-darwin",
      "group": "toplevel",
      "priority": 5
    },
    {
      "attr_path": "docker",
      "broken": false,
      "derivation": "/nix/store/qq4j71h432kri8f715flx3lwrfy6c3dy-docker-28.3.3.drv",
      "description": "Open source project to pack, ship and run any application as a lightweight container",
      "install_id": "docker",
      "license": "Apache-2.0",
      "locked_url": "https://github.com/flox/nixpkgs?rev=dfb2f12e899db4876308eba6d93455ab7da304cd",
      "name": "docker-28.3.3",
      "pname": "docker",
      "rev": "dfb2f12e899db4876308eba6d93455ab7da304cd",
      "rev_count": 853093,
      "rev_date": "2025-08-28T13:12:38Z",
      "scrape_date": "2025-08-30T03:36:12.537320Z",
      "stabilities": [
        "unstable"
      ],
      "unfree": false,
      "version": "28.3.3",
      "outputs_to_install": [
        "out"
      ],
      "outputs": {
        "out": "/nix/store/cf4bd3sb78kxdny4sn4c44kv3iz5394v-docker-28.3.3"
      },
      "system": "aarch64-linux",
      "group": "toplevel",
      "priority": 5
    },
    {
      "attr_path": "docker",
      "broken": false,
      "derivation": "/nix/store/v3k1zycvbfxmvsisiv89nfggvk6qhd6a-docker-28.3.3.drv",
      "description": "Open source project to pack, ship and run any application as a lightweight container",
      "install_id": "docker",
      "license": "Apache-2.0",
      "locked_url": "https://github.com/flox/nixpkgs?rev=dfb2f12e899db4876308eba6d93455ab7da304cd",
      "name": "docker-28.3.3",
      "pname": "docker",
      "rev": "dfb2f12e899db4876308eba6d93455ab7da304cd",
      "rev_count": 853093,
      "rev_date": "2025-08-28T13:12:38Z",
      "scrape_date": "2025-08-30T03:44:13.687423Z",
      "stabilities": [
        "unstable"
      ],
      "unfree": false,
      "version": "28.3.3",
      "outputs_to_install": [
        "out"
      ],
      "outputs": {
        "out": "/nix/store/9r9hqr5vi851ijhf4npzwdbmzvkfz8ga-docker-28.3.3"
      },
      "system": "x86_64-darwin",
      "group": "toplevel",
      "priority": 5
    },
    {
      "attr_path": "docker",
      "broken": false,
      "derivation": "/nix/store/hn0mqy2wl2r9nd0hw5j7j5pmwf8bpq0j-docker-28.3.3.drv",
      "description": "Open source project to pack, ship and run any application as a lightweight container",
      "install_id": "docker",
      "license": "Apache-2.0",
      "locked_url": "https://github.com/flox/nixpkgs?rev=dfb2f12e899db4876308eba6d93455ab7da304cd",
      "name": "docker-28.3.3",
      "pname": "docker",
      "rev": "dfb2f12e899db4876308eba6d93455ab7da304cd",
      "rev_count": 853093,
      "rev_date": "2025-08-28T13:12:38Z",
      "scrape_date": "2025-08-30T03:51:38.271195Z",
      "stabilities": [
        "unstable"
      ],
      "unfree": false,
      "version": "28.3.3",
      "outputs_to_install": [
        "out"
      ],
      "outputs": {
        "out": "/nix/store/06ka8gi6wg0jh5rbln2p7df0ibazmnr3-docker-28.3.3"
      },
      "system": "x86_64-linux",
      "group": "toplevel",
      "priority": 5
    },
    {
      "attr_path": "go",
      "broken": false,
      "derivation": "/nix/store/b4f7b08k5wnka70sax9qx3d2p1x2sfb9-go-1.24.6.drv",
      "description": "Go Programming language",
      "install_id": "go",
      "license": "BSD-3-Clause",
      "locked_url": "https://github.com/flox/nixpkgs?rev=dfb2f12e899db4876308eba6d93455ab7da304cd",
      "name": "go-1.24.6",
      "pname": "go",
      "rev": "dfb2f12e899db4876308eba6d93455ab7da304cd",
      "rev_count": 853093,
      "rev_date": "2025-08-28T13:12:38Z",
      "scrape_date": "2025-08-30T03:28:00.307050Z",
      "stabilities": [
        "unstable"
      ],
      "unfree": false,
      "version": "1.24.6",
      "outputs_to_install": [
        "out"
      ],
      "outputs": {
        "out": "/nix/store/rgmygksbfyy75iappxpinv0y8lxfq35x-go-1.24.6"
      },
      "system": "aarch64-darwin",
      "group": "toplevel",
      "priority": 5
    },
    {
      "attr_path": "go",
      "broken": false,
      "derivation": "/nix/store/x4i65glp99jc4a2cxkz1scx29s08dw05-go-1.24.6.drv",
      "description": "Go Programming language",
      "install_id": "go",
      "license": "BSD-3-Clause",
      "locked_url": "https://github.com/flox/nixpkgs?rev=dfb2f12e899db4876308eba6d93455ab7da304cd",
      "name": "go-1.24.6",
      "pname": "go",
      "rev": "dfb2f12e899db4876308eba6d93455ab7da304cd",
      "rev_count": 853093,
      "rev_date": "2025-08-28T13:12:38Z",
      "scrape_date": "2025-08-30T03:36:13.799257Z",
      "stabilities": [
        "unstable"
      ],
      "unfree": false,
      "version": "1.24.6",
      "outputs_to_install": [
        "out"
      ],
      "outputs": {
        "out": "/nix/store/w30rz1jlg360zk9d34ylhdvcdz19vyxh-go-1.24.6"
      },
      "system": "aarch64-linux",
      "group": "toplevel",
      "priority": 5
    },
    {
      "attr_path": "go",
      "broken": false,
      "derivation": "/nix/store/awngf5b7wwjyay1nlfjnk25a39f823c3-go-1.24.6.drv",
      "description": "Go Programming language",
      "install_id": "go",
      "license": "BSD-3-Clause",
      "locked_url": "https://github.com/flox/nixpkgs?rev=dfb2f12e899db4876308eba6d93455ab7da304cd",
      "name": "go-1.24.6",
      "pname": "go",
      "rev": "dfb2f12e899db4876308eba6d93455ab7da304cd",
      "rev_count": 853093,
      "rev_date": "2025-08-28T13:12:38Z",
      "scrape_date": "2025-08-30T03:44:14.321454Z",
      "stabilities": [
        "unstable"
      ],
      "unfree": false,
      "version": "1.24.6",
      "outputs_to_install": [
        "out"
      ],
      "outputs": {
        "out": "/nix/store/kcj6a7xghpcsg6by6kkc03s3rr2v34il-go-1.24.6"
      },
      "system": "x86_64-darwin",
      "group": "toplevel",
      "priority": 5
    },
    {
      "attr_path": "go",
      "broken": false,
      "derivation": "/nix/store/lz6sgami9527f9s2sh8bd8y2imv8nqqb-go-1.24.6.drv",
      "description": "Go Programming language",
      "install_id": "go",
      "license": "BSD-3-Clause",
      "locked_url": "https://github.com/flox/nixpkgs?rev=dfb2f12e899db4876308eba6d93455ab7da304cd",
      "name": "go-1.24.6",
      "pname": "go",
      "rev": "dfb2f12e899db4876308eba6d93455ab7da304cd",
      "rev_count": 853093,
      "rev_date": "2025-08-28T13:12:38Z",
      "scrape_date": "2025-08-30T03:51:39.655979Z",
      "stabilities": [
        "unstable"
      ],
      "unfree": false,
      "version": "1.24.6",
      "outputs_to_install": [
        "out"
      ],
      "outputs": {
        "out": "/nix/store/g026m2zmhiah7izdmmvgsq847z2sh1h1-go-1.24.6"
      },
      "system": "x86_64-linux",
      "group": "toplevel",
      "priority": 5
    },
    {
      "attr_path": "kind",
      "broken": false,
      "derivation": "/nix/store/ik440v1kbkv5iaplgb5l8cmcc35jhkws-kind-0.29.0.drv",
      "description": "Kubernetes IN Docker - local clusters for testing Kubernetes",
      "install_id": "kind",
      "license": "Apache-2.0",
      "locked_url": "https://github.com/flox/nixpkgs?rev=dfb2f12e899db4876308eba6d93455ab7da304cd",
      "name": "kind-0.29.0",
      "pname": "kind",
      "rev": "dfb2f12e899db4876308eba6d93455ab7da304cd",
      "rev_count": 853093,
      "rev_date": "2025-08-28T13:12:38Z",
      "scrape_date": "2025-08-30T03:28:01.111084Z",
      "stabilities": [
        "unstable"
      ],
      "unfree": false,
      "version": "0.29.0",
      "outputs_to_install": [
        "out"
      ],
      "outputs": {
        "out": "/nix/store/ax7nj4krr6y74bfh5qsqz0v363l8n6n0-kind-0.29.0"
      },
      "system": "aarch64-darwin",
      "group": "toplevel",
      "priority": 5
    },
    {
      "attr_path": "kind",
      "broken": false,
      "derivation": "/nix/store/9lqp7f2mi4psjxy9qlgqzimyich5l698-kind-0.29.0.drv",
      "description": "Kubernetes IN Docker - local clusters for testing Kubernetes",
      "install_id": "kind",
      "license": "Apache-2.0",
      "locked_url": "https://github.com/flox/nixpkgs?rev=dfb2f12e899db4876308eba6d93455ab7da304cd",
      "name": "kind-0.29.0",
      "pname": "kind",
      "rev": "dfb2f12e899db4876308eba6d93455ab7da304cd",
      "rev_count": 853093,
      "rev_date": "2025-08-28T13:12:38Z",
      "scrape_date": "2025-08-30T03:36:15.979625Z",
      "stabilities": [
        "unstable"
      ],
      "unfree": false,
      "version": "0.29.0",
      "outputs_to_install": [
        "out"
      ],
      "outputs": {
        "out": "/nix/store/2569kf9zpdjm6ih4fxg8506wgg5zl5ww-kind-0.29.0"
      },
      "system": "aarch64-linux",
      "group": "toplevel",
      "priority": 5
    },
    {
      "attr_path": "kind",
      "broken": false,
      "derivation": "/nix/store/8k8iq5giipqwii07rsjv0f92b0qp2m9c-kind-0.29.0.drv",
      "description": "Kubernetes IN Docker - local clusters for testing Kubernetes",
      "install_id": "kind",
      "license": "Apache-2.0",
      "locked_url": "https://github.com/flox/nixpkgs?rev=dfb2f12e899db4876308eba6d93455ab7da304cd",
      "name": "kind-0.29.0",
      "pname": "kind",
      "rev": "dfb2f12e899db4876308eba6d93455ab7da304cd",
      "rev_count": 853093,
      "rev_date": "2025-08-28T13:12:38Z",
      "scrape_date": "2025-08-30T03:44:15.136666Z",
      "stabilities": [
        "unstable"
      ],
      "unfree": false,
      "version": "0.29.0",
      "outputs_to_install": [
        "out"
      ],
      "outputs": {
        "out": "/nix/store/xsg1dd5kn2g22phpg1j4710s2kjmm2bh-kind-0.29.0"
      },
      "system": "x86_64-darwin",
      "group": "toplevel",
      "priority": 5
    },
    {
      "attr_path": "kind",
      "broken": false,
      "derivation": "/nix/store/43vw63z69f9891szayspnma0ahcv4jjl-kind-0.29.0.drv",
      "description": "Kubernetes IN Docker - local clusters for testing Kubernetes",
      "install_id": "kind",
      "license": "Apache-2.0",
      "locked_url": "https://github.com/flox/nixpkgs?rev=dfb2f12e899db4876308eba6d93455ab7da304cd",
      "name": "kind-0.29.0",
      "pname": "kind",
      "rev": "dfb2f12e899db4876308eba6d93455ab7da304cd",
      "rev_count": 853093,
      "rev_date": "2025-08-28T13:12:38Z",
      "scrape_date": "2025-08-30T03:51:42.071467Z",
      "stabilities": [
        "unstable"
      ],
      "unfree": false,
      "version": "0.29.0",
      "outputs_to_install": [
        "out"
      ],
      "outputs": {
        "out": "/nix/store/6hqmk6c03gjq0hx8gld4qkh66cb29j6j-kind-0.29.0"
      },
      "system": "x86_64-linux",
      "group": "toplevel",
      "priority": 5
    },
    {
      "attr_path": "kubectl",
      "broken": false,
      "derivation": "/nix/store/q46rh8813gja3qc01x0cb1kqy41l7w52-kubectl-1.33.4.drv",
      "description": "Kubernetes CLI",
      "install_id": "kubectl",
      "license": "Apache-2.0",
      "locked_url": "https://github.com/flox/nixpkgs?rev=dfb2f12e899db4876308eba6d93455ab7da304cd",
      "name": "kubectl-1.33.4",
      "pname": "kubectl",
      "rev": "dfb2f12e899db4876308eba6d93455ab7da304cd",
      "rev_count": 853093,
      "rev_date": "2025-08-28T13:12:38Z",
      "scrape_date": "2025-08-30T03:28:01.184387Z",
      "stabilities": [
        "unstable"
      ],
      "unfree": false,
      "version": "1.33.4",
      "outputs_to_install": [
        "man",
        "out"
      ],
      "outputs": {
        "convert": "/nix/store/vzdfflsl6d461z6gzmsycz8f6sa8xq62-kubectl-1.33.4-convert",
        "man": "/nix/store/lxzi8c8ycldg9d2j01km24dxhji17h9w-kubectl-1.33.4-man",
        "out": "/nix/store/cnfxv0c8acrxai9m9c0918xlzzirfxqg-kubectl-1.33.4"
      },
      "system": "aarch64-darwin",
      "group": "toplevel",
      "priority": 5
    },
    {
      "attr_path": "kubectl",
      "broken": false,
      "derivation": "/nix/store/nppw5vl6rsdrckhlpdn7fd2610whkr7m-kubectl-1.33.4.drv",
      "description": "Kubernetes CLI",
      "install_id": "kubectl",
      "license": "Apache-2.0",
      "locked_url": "https://github.com/flox/nixpkgs?rev=dfb2f12e899db4876308eba6d93455ab7da304cd",
      "name": "kubectl-1.33.4",
      "pname": "kubectl",
      "rev": "dfb2f12e899db4876308eba6d93455ab7da304cd",
      "rev_count": 853093,
      "rev_date": "2025-08-28T13:12:38Z",
      "scrape_date": "2025-08-30T03:36:16.154376Z",
      "stabilities": [
        "unstable"
      ],
      "unfree": false,
      "version": "1.33.4",
      "outputs_to_install": [
        "man",
        "out"
      ],
      "outputs": {
        "convert": "/nix/store/wbxgrmn0py4qb1dz3p9d012za4sy1i01-kubectl-1.33.4-convert",
        "man": "/nix/store/ydxgai54r27zqsbljfaigw0am69vkril-kubectl-1.33.4-man",
        "out": "/nix/store/akyggypyd4dhcdd3gr4dg6apkah16prf-kubectl-1.33.4"
      },
      "system": "aarch64-linux",
      "group": "toplevel",
      "priority": 5
    },
    {
      "attr_path": "kubectl",
      "broken": false,
      "derivation": "/nix/store/1ack05kqvch7mlm1jfi7ibvaa9jzh61j-kubectl-1.33.4.drv",
      "description": "Kubernetes CLI",
      "install_id": "kubectl",
      "license": "Apache-2.0",
      "locked_url": "https://github.com/flox/nixpkgs?rev=dfb2f12e899db4876308eba6d93455ab7da304cd",
      "name": "kubectl-1.33.4",
      "pname": "kubectl",
      "rev": "dfb2f12e899db4876308eba6d93455ab7da304cd",
      "rev_count": 853093,
      "rev_date": "2025-08-28T13:12:38Z",
      "scrape_date": "2025-08-30T03:44:15.214622Z",
      "stabilities": [
        "unstable"
      ],
      "unfree": false,
      "version": "1.33.4",
      "outputs_to_install": [
        "man",
        "out"
      ],
      "outputs": {
        "convert": "/nix/store/w1wfx5w68y5v3lnr34p3n68csq11mzsd-kubectl-1.33.4-convert",
        "man": "/nix/store/ddxll8ddh7a73v5kxxqby9v50ifr82y6-kubectl-1.33.4-man",
        "out": "/nix/store/knzwn9wda68sznza869j1yiwvgr7hywp-kubectl-1.33.4"
      },
      "system": "x86_64-darwin",
      "group": "toplevel",
      "priority": 5
    },
    {
      "attr_path": "kubectl",
      "broken": false,
      "derivation": "/nix/store/y1a0880zmda87jahqfnfwyz9f33x9g7k-kubectl-1.33.4.drv",
      "description": "Kubernetes CLI",
      "install_id": "kubectl",
      "license": "Apache-2.0",
      "locked_url": "https://github.com/flox/nixpkgs?rev=dfb2f12e899db4876308eba6d93455ab7da304cd",
      "name": "kubectl-1.33.4",
      "pname": "kubectl",
      "rev": "dfb2f12e899db4876308eba6d93455ab7da304cd",
      "rev_count": 853093,
      "rev_date": "2025-08-28T13:12:38Z",
      "scrape_date": "2025-08-30T03:51:42.264372Z",
      "stabilities": [
        "unstable"
      ],
      "unfree": false,
      "version": "1.33.4",
      "outputs_to_install": [
        "man",
        "out"
      ],
      "outputs": {
        "convert": "/nix/store/q0q4vvlpy58b4fb5i0qf206bd9w2p4xx-kubectl-1.33.4-convert",
        "man": "/nix/store/y29ssajml6nr9ayyy46l9g543y0db2pa-kubectl-1.33.4-man",
        "out": "/nix/store/g7sdhh062sc85y74brqq4ndnl07cv6sv-kubectl-1.33.4"
      },
      "system": "x86_64-linux",
      "group": "toplevel",
      "priority": 5
    },
    {
      "attr_path": "kubefwd",
      "broken": false,
      "derivation": "/nix/store/qq28zqx2kvh3rickxpjgidmvhrccqks1-kubefwd-1.22.5.drv",
      "description": "Bulk port forwarding Kubernetes services for local development",
      "install_id": "kubefwd",
      "license": "Apache-2.0",
      "locked_url": "https://github.com/flox/nixpkgs?rev=dfb2f12e899db4876308eba6d93455ab7da304cd",
      "name": "kubefwd-1.22.5",
      "pname": "kubefwd",
      "rev": "dfb2f12e899db4876308eba6d93455ab7da304cd",
      "rev_count": 853093,
      "rev_date": "2025-08-28T13:12:38Z",
      "scrape_date": "2025-08-30T03:28:01.195433Z",
      "stabilities": [
        "unstable"
      ],
      "unfree": false,
      "version": "1.22.5",
      "outputs_to_install": [
        "out"
      ],
      "outputs": {
        "out": "/nix/store/rg1dp1snxm76j8d94g9lxx96agwapjdk-kubefwd-1.22.5"
      },
      "system": "aarch64-darwin",
      "group": "toplevel",
      "priority": 5
    },
    {
      "attr_path": "kubefwd",
      "broken": false,
      "derivation": "/nix/store/n30jaz1m4ys5hf2hnq71zvxal45gv672-kubefwd-1.22.5.drv",
      "description": "Bulk port forwarding Kubernetes services for local development",
      "install_id": "kubefwd",
      "license": "Apache-2.0",
      "locked_url": "https://github.com/flox/nixpkgs?rev=dfb2f12e899db4876308eba6d93455ab7da304cd",
      "name": "kubefwd-1.22.5",
      "pname": "kubefwd",
      "rev": "dfb2f12e899db4876308eba6d93455ab7da304cd",
      "rev_count": 853093,
      "rev_date": "2025-08-28T13:12:38Z",
      "scrape_date": "2025-08-30T03:36:16.171236Z",
      "stabilities": [
        "unstable"
      ],
      "unfree": false,
      "version": "1.22.5",
      "outputs_to_install": [
        "out"
      ],
      "outputs": {
        "out": "/nix/store/b51z3w1k9zx26xmi62qdfp0q0i4p7ygc-kubefwd-1.22.5"
      },
      "system": "aarch64-linux",
      "group": "toplevel",
      "priority": 5
    },
    {
      "attr_path": "kubefwd",
      "broken": false,
      "derivation": "/nix/store/mpm6lx02n04allwa06lw5x6giq55camj-kubefwd-1.22.5.drv",
      "description": "Bulk port forwarding Kubernetes services for local development",
      "install_id": "kubefwd",
      "license": "Apache-2.0",
      "locked_url": "https://github.com/flox/nixpkgs?rev=dfb2f12e899db4876308eba6d93455ab7da304cd",
      "name": "kubefwd-1.22.5",
      "pname": "kubefwd",
      "rev": "dfb2f12e899db4876308eba6d93455ab7da304cd",
      "rev_count": 853093,
      "rev_date": "2025-08-28T13:12:38Z",
      "scrape_date": "2025-08-30T03:44:15.226568Z",
      "stabilities": [
        "unstable"
      ],
      "unfree": false,
      "version": "1.22.5",
      "outputs_to_install": [
        "out"
      ],
      "outputs": {
        "out": "/nix/store/pnpps57r32bk1j4dn92m6chs8v07xzyz-kubefwd-1.22.5"
      },
      "system": "x86_64-darwin",
      "group": "toplevel",
      "priority": 5
    },
    {
      "attr_path": "kubefwd",
      "broken": false,
      "derivation": "/nix/store/nsvd76i179kbyalqgl5pyy6kcnp0j7kc-kubefwd-1.22.5.drv",
      "description": "Bulk port forwarding Kubernetes services for local development",
      "install_id": "kubefwd",
      "license": "Apache-2.0",
      "locked_url": "https://github.com/flox/nixpkgs?rev=dfb2f12e899db4876308eba6d93455ab7da304cd",
      "name": "kubefwd-1.22.5",
      "pname": "kubefwd",
      "rev": "dfb2f12e899db4876308eba6d93455ab7da304cd",
      "rev_count": 853093,
      "rev_date": "2025-08-28T13:12:38Z",
      "scrape_date": "2025-08-30T03:51:42.282060Z",
      "stabilities": [
        "unstable"
      ],
      "unfree": false,
      "version": "1.22.5",
      "outputs_to_install": [
        "out"
      ],
      "outputs": {
        "out": "/nix/store/qh6pnwdxwnjx8jpcdanak5ddggpzhyb3-kubefwd-1.22.5"
      },
      "system": "x86_64-linux",
      "group": "toplevel",
      "priority": 5
    },
    {
      "attr_path": "kyverno-chainsaw",
      "broken": false,
      "derivation": "/nix/store/24g86p6vvabnw3flhawr0n7hdgjzcqnl-kyverno-chainsaw-0.2.12.drv",
      "description": "Declarative approach to test Kubernetes operators and controllers",
      "install_id": "kyverno-chainsaw",
      "license": "Apache-2.0",
      "locked_url": "https://github.com/flox/nixpkgs?rev=dfb2f12e899db4876308eba6d93455ab7da304cd",
      "name": "kyverno-chainsaw-0.2.12",
      "pname": "kyverno-chainsaw",
      "rev": "dfb2f12e899db4876308eba6d93455ab7da304cd",
      "rev_count": 853093,
      "rev_date": "2025-08-28T13:12:38Z",
      "scrape_date": "2025-08-30T03:28:01.223042Z",
      "stabilities": [
        "unstable"
      ],
      "unfree": false,
      "version": "0.2.12",
      "outputs_to_install": [
        "out"
      ],
      "outputs": {
        "out": "/nix/store/8v32ycyq7yap21crk3iqfg60j3y9kdlq-kyverno-chainsaw-0.2.12"
      },
      "system": "aarch64-darwin",
      "group": "toplevel",
      "priority": 5
    },
    {
      "attr_path": "kyverno-chainsaw",
      "broken": false,
      "derivation": "/nix/store/9brssk1vwi8hsn5mq9j4v7qamvg3j3ms-kyverno-chainsaw-0.2.12.drv",
      "description": "Declarative approach to test Kubernetes operators and controllers",
      "install_id": "kyverno-chainsaw",
      "license": "Apache-2.0",
      "locked_url": "https://github.com/flox/nixpkgs?rev=dfb2f12e899db4876308eba6d93455ab7da304cd",
      "name": "kyverno-chainsaw-0.2.12",
      "pname": "kyverno-chainsaw",
      "rev": "dfb2f12e899db4876308eba6d93455ab7da304cd",
      "rev_count": 853093,
      "rev_date": "2025-08-28T13:12:38Z",
      "scrape_date": "2025-08-30T03:36:16.219428Z",
      "stabilities": [
        "unstable"
      ],
      "unfree": false,
      "version": "0.2.12",
      "outputs_to_install": [
        "out"
      ],
      "outputs": {
        "out": "/nix/store/63ylfv9s9fl6asnal4px8j4mhqw1xd1p-kyverno-chainsaw-0.2.12"
      },
      "system": "aarch64-linux",
      "group": "toplevel",
      "priority": 5
    },
    {
      "attr_path": "kyverno-chainsaw",
      "broken": false,
      "derivation": "/nix/store/midnw4nwd3mrii6l9zj5dqx0k9ysajr4-kyverno-chainsaw-0.2.12.drv",
      "description": "Declarative approach to test Kubernetes operators and controllers",
      "install_id": "kyverno-chainsaw",
      "license": "Apache-2.0",
      "locked_url": "https://github.com/flox/nixpkgs?rev=dfb2f12e899db4876308eba6d93455ab7da304cd",
      "name": "kyverno-chainsaw-0.2.12",
      "pname": "kyverno-chainsaw",
      "rev": "dfb2f12e899db4876308eba6d93455ab7da304cd",
      "rev_count": 853093,
      "rev_date": "2025-08-28T13:12:38Z",
      "scrape_date": "2025-08-30T03:44:15.256237Z",
      "stabilities": [
        "unstable"
      ],
      "unfree": false,
      "version": "0.2.12",
      "outputs_to_install": [
        "out"
      ],
      "outputs": {
        "out": "/nix/store/67f52hsr6yjq7pvc8lbq93541k8rkmp5-kyverno-chainsaw-0.2.12"
      },
      "system": "x86_64-darwin",
      "group": "toplevel",
      "priority": 5
    },
    {
      "attr_path": "kyverno-chainsaw",
      "broken": false,
      "derivation": "/nix/store/c5l9lj5wg0mdwr0i6j4kcasbdjnbphfi-kyverno-chainsaw-0.2.12.drv",
      "description": "Declarative approach to test Kubernetes operators and controllers",
      "install_id": "kyverno-chainsaw",
      "license": "Apache-2.0",
      "locked_url": "https://github.com/flox/nixpkgs?rev=dfb2f12e899db4876308eba6d93455ab7da304cd",
      "name": "kyverno-chainsaw-0.2.12",
      "pname": "kyverno-chainsaw",
      "rev": "dfb2f12e899db4876308eba6d93455ab7da304cd",
      "rev_count": 853093,
      "rev_date": "2025-08-28T13:12:38Z",
      "scrape_date": "2025-08-30T03:51:42.332762Z",
      "stabilities": [
        "unstable"
      ],
      "unfree": false,
      "version": "0.2.12",
      "outputs_to_install": [
        "out"
      ],
      "outputs": {
        "out": "/nix/store/gvrx5yp8zjxalg93l5gsqmnsakj53hb7-kyverno-chainsaw-0.2.12"
      },
      "system": "x86_64-linux",
      "group": "toplevel",
      "priority": 5
    }
  ]
}