{
  "lockfile-version": 1,
  "manifest": {
    "version": 1,
    "install": {
      "cloud-provider-kind": {
        "pkg-path": "cloud-provider-kind",
        "version": "0.6.0"
      },
      "docker": {
        "pkg-path": "docker",
        "version": "28.4.0"
      },
      "gum": {
        "pkg-path": "gum"
      },
      "k9s": {
        "pkg-path": "k9s"
      },
      "kind": {
        "pkg-path": "kind"
      },
      "kubebuilder": {
        "pkg-path": "kubebuilder"
      },
      "kubectl": {
        "pkg-path": "kubectl"
      },
      "kubectx": {
        "pkg-path": "kubectx"
      },
      "kubefwd": {
        "pkg-path": "kubefwd"
      },
      "kubernetes-helm": {
        "pkg-path": "kubernetes-helm"
      }
    },
    "vars": {
      "INTRO_MESSAGE": "Ztoperator environment activated"
    },
    "hook": {
      "on-activate": "  set -e  # Exit on any error\n\n  # Check if kind-ztoperator cluster exists\n  if ! kind get clusters | grep -q '^ztoperator$'; then\n    # Setup local cluster with dependencies\n    make clean local\n  fi\n"
    },
    "profile": {
      "common": "gum style \\\n    --foreground 46 --border-foreground 46 --border double \\\n    --align center --width 50 --margin \"1 2\" --padding \"2 4\" \\\n    $INTRO_MESSAGE\n# "
    },
    "options": {
      "systems": [
        "aarch64-darwin",
        "aarch64-linux",
        "x86_64-darwin",
        "x86_64-linux"
      ]
    }
  },
  "packages": [
    {
      "attr_path": "cloud-provider-kind",
      "broken": false,
      "derivation": "/nix/store/klxqmzmwgkln3i2ic8f6vy4pdra19y25-cloud-provider-kind-0.6.0.drv",
      "description": "Load Balancer implementation for Kubernetes-in-Docker",
      "install_id": "cloud-provider-kind",
      "license": "Apache-2.0",
      "locked_url": "https://github.com/flox/nixpkgs?rev=544961dfcce86422ba200ed9a0b00dd4b1486ec5",
      "name": "cloud-provider-kind-0.6.0",
      "pname": "cloud-provider-kind",
      "rev": "544961dfcce86422ba200ed9a0b00dd4b1486ec5",
      "rev_count": 878042,
      "rev_date": "2025-10-15T10:27:37Z",
      "scrape_date": "2025-10-17T03:45:06.611263Z",
      "stabilities": [
        "staging",
        "unstable"
      ],
      "unfree": false,
      "version": "0.6.0",
      "outputs_to_install": [
        "out"
      ],
      "outputs": {
        "out": "/nix/store/b3gp2m9kv3d5rrvq2z6mvsajpgh7s30r-cloud-provider-kind-0.6.0"
      },
      "system": "aarch64-darwin",
      "group": "toplevel",
      "priority": 5
    },
    {
      "attr_path": "cloud-provider-kind",
      "broken": false,
      "derivation": "/nix/store/ypnq1h8fmwadmwqyxcc0zw81bbivx7hk-cloud-provider-kind-0.6.0.drv",
      "description": "Load Balancer implementation for Kubernetes-in-Docker",
      "install_id": "cloud-provider-kind",
      "license": "Apache-2.0",
      "locked_url": "https://github.com/flox/nixpkgs?rev=544961dfcce86422ba200ed9a0b00dd4b1486ec5",
      "name": "cloud-provider-kind-0.6.0",
      "pname": "cloud-provider-kind",
      "rev": "544961dfcce86422ba200ed9a0b00dd4b1486ec5",
      "rev_count": 878042,
      "rev_date": "2025-10-15T10:27:37Z",
      "scrape_date": "2025-10-17T04:18:54.554900Z",
      "stabilities": [
        "staging",
        "unstable"
      ],
      "unfree": false,
      "version": "0.6.0",
      "outputs_to_install": [
        "out"
      ],
      "outputs": {
        "out": "/nix/store/1bnh7rv3zpvwzqn65yc5cpmymscwi3dh-cloud-provider-kind-0.6.0"
      },
      "system": "aarch64-linux",
      "group": "toplevel",
      "priority": 5
    },
    {
      "attr_path": "cloud-provider-kind",
      "broken": false,
      "derivation": "/nix/store/wrn79is6li7nf5312fqnazvf7k45nn42-cloud-provider-kind-0.6.0.drv",
      "description": "Load Balancer implementation for Kubernetes-in-Docker",
      "install_id": "cloud-provider-kind",
      "license": "Apache-2.0",
      "locked_url": "https://github.com/flox/nixpkgs?rev=544961dfcce86422ba200ed9a0b00dd4b1486ec5",
      "name": "cloud-provider-kind-0.6.0",
      "pname": "cloud-provider-kind",
      "rev": "544961dfcce86422ba200ed9a0b00dd4b1486ec5",
      "rev_count": 878042,
      "rev_date": "2025-10-15T10:27:37Z",
      "scrape_date": "2025-10-17T04:51:46.499484Z",
      "stabilities": [
        "staging",
        "unstable"
      ],
      "unfree": false,
      "version": "0.6.0",
      "outputs_to_install": [
        "out"
      ],
      "outputs": {
        "out": "/nix/store/bh5iqlh0psa2fahd5j70z9s39cmk8fwd-cloud-provider-kind-0.6.0"
      },
      "system": "x86_64-darwin",
      "group": "toplevel",
      "priority": 5
    },
    {
      "attr_path": "cloud-provider-kind",
      "broken": false,
      "derivation": "/nix/store/3vsjdsang6bsfm6rarz1ds7mvx8j8c83-cloud-provider-kind-0.6.0.drv",
      "description": "Load Balancer implementation for Kubernetes-in-Docker",
      "install_id": "cloud-provider-kind",
      "license": "Apache-2.0",
      "locked_url": "https://github.com/flox/nixpkgs?rev=544961dfcce86422ba200ed9a0b00dd4b1486ec5",
      "name": "cloud-provider-kind-0.6.0",
      "pname": "cloud-provider-kind",
      "rev": "544961dfcce86422ba200ed9a0b00dd4b1486ec5",
      "rev_count": 878042,
      "rev_date": "2025-10-15T10:27:37Z",
      "scrape_date": "2025-10-17T05:27:15.244291Z",
      "stabilities": [
        "staging",
        "unstable"
      ],
      "unfree": false,
      "version": "0.6.0",
      "outputs_to_install": [
        "out"
      ],
      "outputs": {
        "out": "/nix/store/rpm77vv4zq9r1dq4w1dwdsmvvjbfbc5q-cloud-provider-kind-0.6.0"
      },
      "system": "x86_64-linux",
      "group": "toplevel",
      "priority": 5
    },
    {
      "attr_path": "docker",
      "broken": false,
      "derivation": "/nix/store/kmdjv81nhm68grfrmvwcbbic13c74fr5-docker-28.4.0.drv",
      "description": "Open source project to pack, ship and run any application as a lightweight container",
      "install_id": "docker",
      "license": "Apache-2.0",
      "locked_url": "https://github.com/flox/nixpkgs?rev=544961dfcce86422ba200ed9a0b00dd4b1486ec5",
      "name": "docker-28.4.0",
      "pname": "docker",
      "rev": "544961dfcce86422ba200ed9a0b00dd4b1486ec5",
      "rev_count": 878042,
      "rev_date": "2025-10-15T10:27:37Z",
      "scrape_date": "2025-10-17T03:45:06.864897Z",
      "stabilities": [
        "staging",
        "unstable"
      ],
      "unfree": false,
      "version": "28.4.0",
      "outputs_to_install": [
        "out"
      ],
      "outputs": {
        "out": "/nix/store/bnvsfm00pfigq7mfra4ychhpzkixm37g-docker-28.4.0"
      },
      "system": "aarch64-darwin",
      "group": "toplevel",
      "priority": 5
    },
    {
      "attr_path": "docker",
      "broken": false,
      "derivation": "/nix/store/s7fsnbsahz2wnryhdb8nzl096wvgg9xz-docker-28.4.0.drv",
      "description": "Open source project to pack, ship and run any application as a lightweight container",
      "install_id": "docker",
      "license": "Apache-2.0",
      "locked_url": "https://github.com/flox/nixpkgs?rev=544961dfcce86422ba200ed9a0b00dd4b1486ec5",
      "name": "docker-28.4.0",
      "pname": "docker",
      "rev": "544961dfcce86422ba200ed9a0b00dd4b1486ec5",
      "rev_count": 878042,
      "rev_date": "2025-10-15T10:27:37Z",
      "scrape_date": "2025-10-17T04:18:54.929696Z",
      "stabilities": [
        "staging",
        "unstable"
      ],
      "unfree": false,
      "version": "28.4.0",
      "outputs_to_install": [
        "out"
      ],
      "outputs": {
        "out": "/nix/store/6a6jlpi39n13614qkxsrcw7fj8wg2rpf-docker-28.4.0"
      },
      "system": "aarch64-linux",
      "group": "toplevel",
      "priority": 5
    },
    {
      "attr_path": "docker",
      "broken": false,
      "derivation": "/nix/store/8lvk4g4n1iz51sspi0hiypiq13z069vy-docker-28.4.0.drv",
      "description": "Open source project to pack, ship and run any application as a lightweight container",
      "install_id": "docker",
      "license": "Apache-2.0",
      "locked_url": "https://github.com/flox/nixpkgs?rev=544961dfcce86422ba200ed9a0b00dd4b1486ec5",
      "name": "docker-28.4.0",
      "pname": "docker",
      "rev": "544961dfcce86422ba200ed9a0b00dd4b1486ec5",
      "rev_count": 878042,
      "rev_date": "2025-10-15T10:27:37Z",
      "scrape_date": "2025-10-17T04:51:46.743709Z",
      "stabilities": [
        "staging",
        "unstable"
      ],
      "unfree": false,
      "version": "28.4.0",
      "outputs_to_install": [
        "out"
      ],
      "outputs": {
        "out": "/nix/store/g1da19zv5n6riyj3dlqp9agjrwh4xnr6-docker-28.4.0"
      },
      "system": "x86_64-darwin",
      "group": "toplevel",
      "priority": 5
    },
    {
      "attr_path": "docker",
      "broken": false,
      "derivation": "/nix/store/qgf2w3ggq1gm50vl8vmcqk7kvzlza8n1-docker-28.4.0.drv",
      "description": "Open source project to pack, ship and run any application as a lightweight container",
      "install_id": "docker",
      "license": "Apache-2.0",
      "locked_url": "https://github.com/flox/nixpkgs?rev=544961dfcce86422ba200ed9a0b00dd4b1486ec5",
      "name": "docker-28.4.0",
      "pname": "docker",
      "rev": "544961dfcce86422ba200ed9a0b00dd4b1486ec5",
      "rev_count": 878042,
      "rev_date": "2025-10-15T10:27:37Z",
      "scrape_date": "2025-10-17T05:27:15.648449Z",
      "stabilities": [
        "staging",
        "unstable"
      ],
      "unfree": false,
      "version": "28.4.0",
      "outputs_to_install": [
        "out"
      ],
      "outputs": {
        "out": "/nix/store/x0zyq8g4b0d3plfnrf1qh532mnv6z5ql-docker-28.4.0"
      },
      "system": "x86_64-linux",
      "group": "toplevel",
      "priority": 5
    },
    {
      "attr_path": "gum",
      "broken": false,
      "derivation": "/nix/store/arxvh2d4gs7y1x7pzfvrifp8wpr91a7g-gum-0.17.0.drv",
      "description": "Tasty Bubble Gum for your shell",
      "install_id": "gum",
      "license": "MIT",
      "locked_url": "https://github.com/flox/nixpkgs?rev=544961dfcce86422ba200ed9a0b00dd4b1486ec5",
      "name": "gum-0.17.0",
      "pname": "gum",
      "rev": "544961dfcce86422ba200ed9a0b00dd4b1486ec5",
      "rev_count": 878042,
      "rev_date": "2025-10-15T10:27:37Z",
      "scrape_date": "2025-10-17T03:45:07.647013Z",
      "stabilities": [
        "staging",
        "unstable"
      ],
      "unfree": false,
      "version": "0.17.0",
      "outputs_to_install": [
        "out"
      ],
      "outputs": {
        "out": "/nix/store/qg77457254d234pgjpgicgj8zq3kv9wc-gum-0.17.0"
      },
      "system": "aarch64-darwin",
      "group": "toplevel",
      "priority": 5
    },
    {
      "attr_path": "gum",
      "broken": false,
      "derivation": "/nix/store/x8y1gj5ckmj9v3i3lhdikxclcykga1z8-gum-0.17.0.drv",
      "description": "Tasty Bubble Gum for your shell",
      "install_id": "gum",
      "license": "MIT",
      "locked_url": "https://github.com/flox/nixpkgs?rev=544961dfcce86422ba200ed9a0b00dd4b1486ec5",
      "name": "gum-0.17.0",
      "pname": "gum",
      "rev": "544961dfcce86422ba200ed9a0b00dd4b1486ec5",
      "rev_count": 878042,
      "rev_date": "2025-10-15T10:27:37Z",
      "scrape_date": "2025-10-17T04:18:56.569513Z",
      "stabilities": [
        "staging",
        "unstable"
      ],
      "unfree": false,
      "version": "0.17.0",
      "outputs_to_install": [
        "out"
      ],
      "outputs": {
        "out": "/nix/store/l4dl9dcnfn57rpbhyyqnkm69q1pxah5w-gum-0.17.0"
      },
      "system": "aarch64-linux",
      "group": "toplevel",
      "priority": 5
    },
    {
      "attr_path": "gum",
      "broken": false,
      "derivation": "/nix/store/70a7gh04l1z4b095c116gvpw9lnhc0m8-gum-0.17.0.drv",
      "description": "Tasty Bubble Gum for your shell",
      "install_id": "gum",
      "license": "MIT",
      "locked_url": "https://github.com/flox/nixpkgs?rev=544961dfcce86422ba200ed9a0b00dd4b1486ec5",
      "name": "gum-0.17.0",
      "pname": "gum",
      "rev": "544961dfcce86422ba200ed9a0b00dd4b1486ec5",
      "rev_count": 878042,
      "rev_date": "2025-10-15T10:27:37Z",
      "scrape_date": "2025-10-17T04:51:47.572232Z",
      "stabilities": [
        "staging",
        "unstable"
      ],
      "unfree": false,
      "version": "0.17.0",
      "outputs_to_install": [
        "out"
      ],
      "outputs": {
        "out": "/nix/store/vzdbx8cgarb3k8l6in6xxh14vyblqa07-gum-0.17.0"
      },
      "system": "x86_64-darwin",
      "group": "toplevel",
      "priority": 5
    },
    {
      "attr_path": "gum",
      "broken": false,
      "derivation": "/nix/store/4mbhx6fqwrni18w0scwnq4dkvw7w7v82-gum-0.17.0.drv",
      "description": "Tasty Bubble Gum for your shell",
      "install_id": "gum",
      "license": "MIT",
      "locked_url": "https://github.com/flox/nixpkgs?rev=544961dfcce86422ba200ed9a0b00dd4b1486ec5",
      "name": "gum-0.17.0",
      "pname": "gum",
      "rev": "544961dfcce86422ba200ed9a0b00dd4b1486ec5",
      "rev_count": 878042,
      "rev_date": "2025-10-15T10:27:37Z",
      "scrape_date": "2025-10-17T05:27:17.435167Z",
      "stabilities": [
        "staging",
        "unstable"
      ],
      "unfree": false,
      "version": "0.17.0",
      "outputs_to_install": [
        "out"
      ],
      "outputs": {
        "out": "/nix/store/xrp3rs1p0r7qd5q0ii2zn895f24q7s4m-gum-0.17.0"
      },
      "system": "x86_64-linux",
      "group": "toplevel",
      "priority": 5
    },
    {
      "attr_path": "k9s",
      "broken": false,
      "derivation": "/nix/store/72jjqhmcxpb7kwr0wy2k58qpa899rg8s-k9s-0.50.15.drv",
      "description": "Kubernetes CLI To Manage Your Clusters In Style",
      "install_id": "k9s",
      "license": "Apache-2.0",
      "locked_url": "https://github.com/flox/nixpkgs?rev=544961dfcce86422ba200ed9a0b00dd4b1486ec5",
      "name": "k9s-0.50.15",
      "pname": "k9s",
      "rev": "544961dfcce86422ba200ed9a0b00dd4b1486ec5",
      "rev_count": 878042,
      "rev_date": "2025-10-15T10:27:37Z",
      "scrape_date": "2025-10-17T03:45:21.365703Z",
      "stabilities": [
        "staging",
        "unstable"
      ],
      "unfree": false,
      "version": "0.50.15",
      "outputs_to_install": [
        "out"
      ],
      "outputs": {
        "out": "/nix/store/yiqid4s17kn8xwrk7nk9jljkyziwbkvi-k9s-0.50.15"
      },
      "system": "aarch64-darwin",
      "group": "toplevel",
      "priority": 5
    },
    {
      "attr_path": "k9s",
      "broken": false,
      "derivation": "/nix/store/c2v4kp5zni54yvsijy6va7kfbw0isc7j-k9s-0.50.15.drv",
      "description": "Kubernetes CLI To Manage Your Clusters In Style",
      "install_id": "k9s",
      "license": "Apache-2.0",
      "locked_url": "https://github.com/flox/nixpkgs?rev=544961dfcce86422ba200ed9a0b00dd4b1486ec5",
      "name": "k9s-0.50.15",
      "pname": "k9s",
      "rev": "544961dfcce86422ba200ed9a0b00dd4b1486ec5",
      "rev_count": 878042,
      "rev_date": "2025-10-15T10:27:37Z",
      "scrape_date": "2025-10-17T04:19:15.789975Z",
      "stabilities": [
        "staging",
        "unstable"
      ],
      "unfree": false,
      "version": "0.50.15",
      "outputs_to_install": [
        "out"
      ],
      "outputs": {
        "out": "/nix/store/6c52nx4z200hji6kq3l960z1sv9q1gmj-k9s-0.50.15"
      },
      "system": "aarch64-linux",
      "group": "toplevel",
      "priority": 5
    },
    {
      "attr_path": "k9s",
      "broken": false,
      "derivation": "/nix/store/v1qykx8i3yhsyabh45ld8pwsbs6xh6j3-k9s-0.50.15.drv",
      "description": "Kubernetes CLI To Manage Your Clusters In Style",
      "install_id": "k9s",
      "license": "Apache-2.0",
      "locked_url": "https://github.com/flox/nixpkgs?rev=544961dfcce86422ba200ed9a0b00dd4b1486ec5",
      "name": "k9s-0.50.15",
      "pname": "k9s",
      "rev": "544961dfcce86422ba200ed9a0b00dd4b1486ec5",
      "rev_count": 878042,
      "rev_date": "2025-10-15T10:27:37Z",
      "scrape_date": "2025-10-17T04:52:01.434481Z",
      "stabilities": [
        "staging",
        "unstable"
      ],
      "unfree": false,
      "version": "0.50.15",
      "outputs_to_install": [
        "out"
      ],
      "outputs": {
        "out": "/nix/store/ld5iihppw57ahgk7q28i6jph5ymdhiqr-k9s-0.50.15"
      },
      "system": "x86_64-darwin",
      "group": "toplevel",
      "priority": 5
    },
    {
      "attr_path": "k9s",
      "broken": false,
      "derivation": "/nix/store/2g3jhd1xqg8dvdfc5kgc0lgypxvah382-k9s-0.50.15.drv",
      "description": "Kubernetes CLI To Manage Your Clusters In Style",
      "install_id": "k9s",
      "license": "Apache-2.0",
      "locked_url": "https://github.com/flox/nixpkgs?rev=544961dfcce86422ba200ed9a0b00dd4b1486ec5",
      "name": "k9s-0.50.15",
      "pname": "k9s",
      "rev": "544961dfcce86422ba200ed9a0b00dd4b1486ec5",
      "rev_count": 878042,
      "rev_date": "2025-10-15T10:27:37Z",
      "scrape_date": "2025-10-17T05:27:36.981706Z",
      "stabilities": [
        "staging",
        "unstable"
      ],
      "unfree": false,
      "version": "0.50.15",
      "outputs_to_install": [
        "out"
      ],
      "outputs": {
        "out": "/nix/store/mfq28g8h6krak53a343vwkfx38856mv8-k9s-0.50.15"
      },
      "system": "x86_64-linux",
      "group": "toplevel",
      "priority": 5
    },
    {
      "attr_path": "kind",
      "broken": false,
      "derivation": "/nix/store/0lynz00j8ddsv9cigc64p48xv45iqzs9-kind-0.30.0.drv",
      "description": "Kubernetes IN Docker - local clusters for testing Kubernetes",
      "install_id": "kind",
      "license": "Apache-2.0",
      "locked_url": "https://github.com/flox/nixpkgs?rev=544961dfcce86422ba200ed9a0b00dd4b1486ec5",
      "name": "kind-0.30.0",
      "pname": "kind",
      "rev": "544961dfcce86422ba200ed9a0b00dd4b1486ec5",
      "rev_count": 878042,
      "rev_date": "2025-10-15T10:27:37Z",
      "scrape_date": "2025-10-17T03:45:21.662496Z",
      "stabilities": [
        "staging",
        "unstable"
      ],
      "unfree": false,
      "version": "0.30.0",
      "outputs_to_install": [
        "out"
      ],
      "outputs": {
        "out": "/nix/store/7j497fgkwc6hf0s6r4fhv039l5fvr9hp-kind-0.30.0"
      },
      "system": "aarch64-darwin",
      "group": "toplevel",
      "priority": 5
    },
    {
      "attr_path": "kind",
      "broken": false,
      "derivation": "/nix/store/x82ccyc2137cx8ma0sd2b1mxnq8hjgqx-kind-0.30.0.drv",
      "description": "Kubernetes IN Docker - local clusters for testing Kubernetes",
      "install_id": "kind",
      "license": "Apache-2.0",
      "locked_url": "https://github.com/flox/nixpkgs?rev=544961dfcce86422ba200ed9a0b00dd4b1486ec5",
      "name": "kind-0.30.0",
      "pname": "kind",
      "rev": "544961dfcce86422ba200ed9a0b00dd4b1486ec5",
      "rev_count": 878042,
      "rev_date": "2025-10-15T10:27:37Z",
      "scrape_date": "2025-10-17T04:19:16.871892Z",
      "stabilities": [
        "staging",
        "unstable"
      ],
      "unfree": false,
      "version": "0.30.0",
      "outputs_to_install": [
        "out"
      ],
      "outputs": {
        "out": "/nix/store/7hyylmh4wwq2wviykzcjgvpsgcc3fy6f-kind-0.30.0"
      },
      "system": "aarch64-linux",
      "group": "toplevel",
      "priority": 5
    },
    {
      "attr_path": "kind",
      "broken": false,
      "derivation": "/nix/store/plia3glpyc12ndsxk6bhg29xnp0grp9a-kind-0.30.0.drv",
      "description": "Kubernetes IN Docker - local clusters for testing Kubernetes",
      "install_id": "kind",
      "license": "Apache-2.0",
      "locked_url": "https://github.com/flox/nixpkgs?rev=544961dfcce86422ba200ed9a0b00dd4b1486ec5",
      "name": "kind-0.30.0",
      "pname": "kind",
      "rev": "544961dfcce86422ba200ed9a0b00dd4b1486ec5",
      "rev_count": 878042,
      "rev_date": "2025-10-15T10:27:37Z",
      "scrape_date": "2025-10-17T04:52:01.726854Z",
      "stabilities": [
        "staging",
        "unstable"
      ],
      "unfree": false,
      "version": "0.30.0",
      "outputs_to_install": [
        "out"
      ],
      "outputs": {
        "out": "/nix/store/fzpysk98r712zr79y4a64vyzqkg165rv-kind-0.30.0"
      },
      "system": "x86_64-darwin",
      "group": "toplevel",
      "priority": 5
    },
    {
      "attr_path": "kind",
      "broken": false,
      "derivation": "/nix/store/ds4k72lhwrnizqx0ax0kdmszfz81j1gf-kind-0.30.0.drv",
      "description": "Kubernetes IN Docker - local clusters for testing Kubernetes",
      "install_id": "kind",
      "license": "Apache-2.0",
      "locked_url": "https://github.com/flox/nixpkgs?rev=544961dfcce86422ba200ed9a0b00dd4b1486ec5",
      "name": "kind-0.30.0",
      "pname": "kind",
      "rev": "544961dfcce86422ba200ed9a0b00dd4b1486ec5",
      "rev_count": 878042,
      "rev_date": "2025-10-15T10:27:37Z",
      "scrape_date": "2025-10-17T05:27:38.155720Z",
      "stabilities": [
        "staging",
        "unstable"
      ],
      "unfree": false,
      "version": "0.30.0",
      "outputs_to_install": [
        "out"
      ],
      "outputs": {
        "out": "/nix/store/xlf4bljz86yn20ipha6a5a66xh440z52-kind-0.30.0"
      },
      "system": "x86_64-linux",
      "group": "toplevel",
      "priority": 5
    },
    {
      "attr_path": "kubebuilder",
      "broken": false,
      "derivation": "/nix/store/ynwzbfdj6lgm0p2ghfrafyj41fw55xb1-kubebuilder-4.9.0.drv",
      "description": "SDK for building Kubernetes APIs using CRDs",
      "install_id": "kubebuilder",
      "license": "Apache-2.0",
      "locked_url": "https://github.com/flox/nixpkgs?rev=544961dfcce86422ba200ed9a0b00dd4b1486ec5",
      "name": "kubebuilder-4.9.0",
      "pname": "kubebuilder",
      "rev": "544961dfcce86422ba200ed9a0b00dd4b1486ec5",
      "rev_count": 878042,
      "rev_date": "2025-10-15T10:27:37Z",
      "scrape_date": "2025-10-17T03:45:21.868120Z",
      "stabilities": [
        "staging",
        "unstable"
      ],
      "unfree": false,
      "version": "4.9.0",
      "outputs_to_install": [
        "out"
      ],
      "outputs": {
        "out": "/nix/store/g9qpdpzds183wb7iaz0jn4nbvh9dcxxi-kubebuilder-4.9.0"
      },
      "system": "aarch64-darwin",
      "group": "toplevel",
      "priority": 5
    },
    {
      "attr_path": "kubebuilder",
      "broken": false,
      "derivation": "/nix/store/1q8zy35cfz09i11zi0vxzn71l0xgp96d-kubebuilder-4.9.0.drv",
      "description": "SDK for building Kubernetes APIs using CRDs",
      "install_id": "kubebuilder",
      "license": "Apache-2.0",
      "locked_url": "https://github.com/flox/nixpkgs?rev=544961dfcce86422ba200ed9a0b00dd4b1486ec5",
      "name": "kubebuilder-4.9.0",
      "pname": "kubebuilder",
      "rev": "544961dfcce86422ba200ed9a0b00dd4b1486ec5",
      "rev_count": 878042,
      "rev_date": "2025-10-15T10:27:37Z",
      "scrape_date": "2025-10-17T04:19:17.315974Z",
      "stabilities": [
        "staging",
        "unstable"
      ],
      "unfree": false,
      "version": "4.9.0",
      "outputs_to_install": [
        "out"
      ],
      "outputs": {
        "out": "/nix/store/wgj03l8djj4p53d5wwikl9vkmkllii51-kubebuilder-4.9.0"
      },
      "system": "aarch64-linux",
      "group": "toplevel",
      "priority": 5
    },
    {
      "attr_path": "kubebuilder",
      "broken": false,
      "derivation": "/nix/store/n1hlw7jkjrmkw3i3lfirhv83zhxam2i1-kubebuilder-4.9.0.drv",
      "description": "SDK for building Kubernetes APIs using CRDs",
      "install_id": "kubebuilder",
      "license": "Apache-2.0",
      "locked_url": "https://github.com/flox/nixpkgs?rev=544961dfcce86422ba200ed9a0b00dd4b1486ec5",
      "name": "kubebuilder-4.9.0",
      "pname": "kubebuilder",
      "rev": "544961dfcce86422ba200ed9a0b00dd4b1486ec5",
      "rev_count": 878042,
      "rev_date": "2025-10-15T10:27:37Z",
      "scrape_date": "2025-10-17T04:52:01.927778Z",
      "stabilities": [
        "staging",
        "unstable"
      ],
      "unfree": false,
      "version": "4.9.0",
      "outputs_to_install": [
        "out"
      ],
      "outputs": {
        "out": "/nix/store/j27iyisk0d48kb2zbw5sd9jbm9jvmg21-kubebuilder-4.9.0"
      },
      "system": "x86_64-darwin",
      "group": "toplevel",
      "priority": 5
    },
    {
      "attr_path": "kubebuilder",
      "broken": false,
      "derivation": "/nix/store/ag8ysh3j7ivh77yh4sbrrdrap0qzcyyq-kubebuilder-4.9.0.drv",
      "description": "SDK for building Kubernetes APIs using CRDs",
      "install_id": "kubebuilder",
      "license": "Apache-2.0",
      "locked_url": "https://github.com/flox/nixpkgs?rev=544961dfcce86422ba200ed9a0b00dd4b1486ec5",
      "name": "kubebuilder-4.9.0",
      "pname": "kubebuilder",
      "rev": "544961dfcce86422ba200ed9a0b00dd4b1486ec5",
      "rev_count": 878042,
      "rev_date": "2025-10-15T10:27:37Z",
      "scrape_date": "2025-10-17T05:27:38.596976Z",
      "stabilities": [
        "staging",
        "unstable"
      ],
      "unfree": false,
      "version": "4.9.0",
      "outputs_to_install": [
        "out"
      ],
      "outputs": {
        "out": "/nix/store/545wzf3z2pjxd0gyhnsnkcxc9xs69szg-kubebuilder-4.9.0"
      },
      "system": "x86_64-linux",
      "group": "toplevel",
      "priority": 5
    },
    {
      "attr_path": "kubectl",
      "broken": false,
      "derivation": "/nix/store/nr7nkm5j8j90x94vz9jznw1nb4m55x1b-kubectl-1.34.1.drv",
      "description": "Kubernetes CLI",
      "install_id": "kubectl",
      "license": "Apache-2.0",
      "locked_url": "https://github.com/flox/nixpkgs?rev=544961dfcce86422ba200ed9a0b00dd4b1486ec5",
      "name": "kubectl-1.34.1",
      "pname": "kubectl",
      "rev": "544961dfcce86422ba200ed9a0b00dd4b1486ec5",
      "rev_count": 878042,
      "rev_date": "2025-10-15T10:27:37Z",
      "scrape_date": "2025-10-17T03:45:21.874662Z",
      "stabilities": [
        "staging",
        "unstable"
      ],
      "unfree": false,
      "version": "1.34.1",
      "outputs_to_install": [
        "man",
        "out"
      ],
      "outputs": {
        "convert": "/nix/store/3xinznz678q5layrhy76q8chl9g7q0m6-kubectl-1.34.1-convert",
        "man": "/nix/store/3rvrkr29q5rsb9scrxaw7bnxqplj8lzc-kubectl-1.34.1-man",
        "out": "/nix/store/2ih54prydy1k2s0zsjhkplk8sgcj95kc-kubectl-1.34.1"
      },
      "system": "aarch64-darwin",
      "group": "toplevel",
      "priority": 5
    },
    {
      "attr_path": "kubectl",
      "broken": false,
      "derivation": "/nix/store/rhbba6v67xwfdayk7ifmfs39ri664l7h-kubectl-1.34.1.drv",
      "description": "Kubernetes CLI",
      "install_id": "kubectl",
      "license": "Apache-2.0",
      "locked_url": "https://github.com/flox/nixpkgs?rev=544961dfcce86422ba200ed9a0b00dd4b1486ec5",
      "name": "kubectl-1.34.1",
      "pname": "kubectl",
      "rev": "544961dfcce86422ba200ed9a0b00dd4b1486ec5",
      "rev_count": 878042,
      "rev_date": "2025-10-15T10:27:37Z",
      "scrape_date": "2025-10-17T04:19:17.324490Z",
      "stabilities": [
        "staging",
        "unstable"
      ],
      "unfree": false,
      "version": "1.34.1",
      "outputs_to_install": [
        "man",
        "out"
      ],
      "outputs": {
        "convert": "/nix/store/b2i2xpyf726nvf0wznanvk9wx4kyhxn0-kubectl-1.34.1-convert",
        "man": "/nix/store/1lib1cii7f7ks82bgq3shf3pa4bvfwlw-kubectl-1.34.1-man",
        "out": "/nix/store/kwyzcnrnmp32rh8yamhckddjnsyb7wv8-kubectl-1.34.1"
      },
      "system": "aarch64-linux",
      "group": "toplevel",
      "priority": 5
    },
    {
      "attr_path": "kubectl",
      "broken": false,
      "derivation": "/nix/store/75scq311b7w4i7v2mxfyg9np68lyaprb-kubectl-1.34.1.drv",
      "description": "Kubernetes CLI",
      "install_id": "kubectl",
      "license": "Apache-2.0",
      "locked_url": "https://github.com/flox/nixpkgs?rev=544961dfcce86422ba200ed9a0b00dd4b1486ec5",
      "name": "kubectl-1.34.1",
      "pname": "kubectl",
      "rev": "544961dfcce86422ba200ed9a0b00dd4b1486ec5",
      "rev_count": 878042,
      "rev_date": "2025-10-15T10:27:37Z",
      "scrape_date": "2025-10-17T04:52:01.934229Z",
      "stabilities": [
        "staging",
        "unstable"
      ],
      "unfree": false,
      "version": "1.34.1",
      "outputs_to_install": [
        "man",
        "out"
      ],
      "outputs": {
        "convert": "/nix/store/wwy8yalmwwz6m2rjc2fasdihc83gh9kv-kubectl-1.34.1-convert",
        "man": "/nix/store/97ky0g57awcjskva2zyyczqvg5ab9iq4-kubectl-1.34.1-man",
        "out": "/nix/store/nsldgqqryn057z8356yip0lxnhhn7azy-kubectl-1.34.1"
      },
      "system": "x86_64-darwin",
      "group": "toplevel",
      "priority": 5
    },
    {
      "attr_path": "kubectl",
      "broken": false,
      "derivation": "/nix/store/r7d4ak4znk8r3bswyaxw2mggrs22r9pb-kubectl-1.34.1.drv",
      "description": "Kubernetes CLI",
      "install_id": "kubectl",
      "license": "Apache-2.0",
      "locked_url": "https://github.com/flox/nixpkgs?rev=544961dfcce86422ba200ed9a0b00dd4b1486ec5",
      "name": "kubectl-1.34.1",
      "pname": "kubectl",
      "rev": "544961dfcce86422ba200ed9a0b00dd4b1486ec5",
      "rev_count": 878042,
      "rev_date": "2025-10-15T10:27:37Z",
      "scrape_date": "2025-10-17T05:27:38.605560Z",
      "stabilities": [
        "staging",
        "unstable"
      ],
      "unfree": false,
      "version": "1.34.1",
      "outputs_to_install": [
        "man",
        "out"
      ],
      "outputs": {
        "convert": "/nix/store/0xapfmzqh1lwmm7xkwca43k5pr65p32b-kubectl-1.34.1-convert",
        "man": "/nix/store/zsl5hlc1rgy52ljdkl0f5vfcp4vfs9gr-kubectl-1.34.1-man",
        "out": "/nix/store/5fs5bi2b03j7b1s05h317iszhm8q23x7-kubectl-1.34.1"
      },
      "system": "x86_64-linux",
      "group": "toplevel",
      "priority": 5
    },
    {
      "attr_path": "kubectx",
      "broken": false,
      "derivation": "/nix/store/zij31sjqwsmsaarmgi6afhwfg83sld82-kubectx-0.9.5.drv",
      "description": "Fast way to switch between clusters and namespaces in kubectl",
      "install_id": "kubectx",
      "license": "Apache-2.0",
      "locked_url": "https://github.com/flox/nixpkgs?rev=544961dfcce86422ba200ed9a0b00dd4b1486ec5",
      "name": "kubectx-0.9.5",
      "pname": "kubectx",
      "rev": "544961dfcce86422ba200ed9a0b00dd4b1486ec5",
      "rev_count": 878042,
      "rev_date": "2025-10-15T10:27:37Z",
      "scrape_date": "2025-10-17T03:45:21.899941Z",
      "stabilities": [
        "staging",
        "unstable"
      ],
      "unfree": false,
      "version": "0.9.5",
      "outputs_to_install": [
        "out"
      ],
      "outputs": {
        "out": "/nix/store/29bigckafs10ypgp2z5mb4ns4y4ivsfl-kubectx-0.9.5"
      },
      "system": "aarch64-darwin",
      "group": "toplevel",
      "priority": 5
    },
    {
      "attr_path": "kubectx",
      "broken": false,
      "derivation": "/nix/store/ws0m2n0id3qc0w39z1igid5rdzdf0vjr-kubectx-0.9.5.drv",
      "description": "Fast way to switch between clusters and namespaces in kubectl",
      "install_id": "kubectx",
      "license": "Apache-2.0",
      "locked_url": "https://github.com/flox/nixpkgs?rev=544961dfcce86422ba200ed9a0b00dd4b1486ec5",
      "name": "kubectx-0.9.5",
      "pname": "kubectx",
      "rev": "544961dfcce86422ba200ed9a0b00dd4b1486ec5",
      "rev_count": 878042,
      "rev_date": "2025-10-15T10:27:37Z",
      "scrape_date": "2025-10-17T04:19:17.357712Z",
      "stabilities": [
        "staging",
        "unstable"
      ],
      "unfree": false,
      "version": "0.9.5",
      "outputs_to_install": [
        "out"
      ],
      "outputs": {
        "out": "/nix/store/wh0vlyyp1vshbvsdpbw2pc8w2jfv6kvl-kubectx-0.9.5"
      },
      "system": "aarch64-linux",
      "group": "toplevel",
      "priority": 5
    },
    {
      "attr_path": "kubectx",
      "broken": false,
      "derivation": "/nix/store/ps83x6j3d4xpscqv8caf2c61d25rq8il-kubectx-0.9.5.drv",
      "description": "Fast way to switch between clusters and namespaces in kubectl",
      "install_id": "kubectx",
      "license": "Apache-2.0",
      "locked_url": "https://github.com/flox/nixpkgs?rev=544961dfcce86422ba200ed9a0b00dd4b1486ec5",
      "name": "kubectx-0.9.5",
      "pname": "kubectx",
      "rev": "544961dfcce86422ba200ed9a0b00dd4b1486ec5",
      "rev_count": 878042,
      "rev_date": "2025-10-15T10:27:37Z",
      "scrape_date": "2025-10-17T04:52:01.959516Z",
      "stabilities": [
        "staging",
        "unstable"
      ],
      "unfree": false,
      "version": "0.9.5",
      "outputs_to_install": [
        "out"
      ],
      "outputs": {
        "out": "/nix/store/n1jj2x2w0izqprg2080vgk2l30gkff05-kubectx-0.9.5"
      },
      "system": "x86_64-darwin",
      "group": "toplevel",
      "priority": 5
    },
    {
      "attr_path": "kubectx",
      "broken": false,
      "derivation": "/nix/store/ap505cqz754da3qd7na70agpysfdzmwr-kubectx-0.9.5.drv",
      "description": "Fast way to switch between clusters and namespaces in kubectl",
      "install_id": "kubectx",
      "license": "Apache-2.0",
      "locked_url": "https://github.com/flox/nixpkgs?rev=544961dfcce86422ba200ed9a0b00dd4b1486ec5",
      "name": "kubectx-0.9.5",
      "pname": "kubectx",
      "rev": "544961dfcce86422ba200ed9a0b00dd4b1486ec5",
      "rev_count": 878042,
      "rev_date": "2025-10-15T10:27:37Z",
      "scrape_date": "2025-10-17T05:27:38.638839Z",
      "stabilities": [
        "staging",
        "unstable"
      ],
      "unfree": false,
      "version": "0.9.5",
      "outputs_to_install": [
        "out"
      ],
      "outputs": {
        "out": "/nix/store/d01mv4mffr9dp2vj8j9f73vv81l2srna-kubectx-0.9.5"
      },
      "system": "x86_64-linux",
      "group": "toplevel",
      "priority": 5
    },
    {
      "attr_path": "kubefwd",
      "broken": false,
      "derivation": "/nix/store/770i6v8q60h3w04n0hir0z6d08smwkr7-kubefwd-1.22.5.drv",
      "description": "Bulk port forwarding Kubernetes services for local development",
      "install_id": "kubefwd",
      "license": "Apache-2.0",
      "locked_url": "https://github.com/flox/nixpkgs?rev=544961dfcce86422ba200ed9a0b00dd4b1486ec5",
      "name": "kubefwd-1.22.5",
      "pname": "kubefwd",
      "rev": "544961dfcce86422ba200ed9a0b00dd4b1486ec5",
      "rev_count": 878042,
      "rev_date": "2025-10-15T10:27:37Z",
      "scrape_date": "2025-10-17T03:45:21.906517Z",
      "stabilities": [
        "staging",
        "unstable"
      ],
      "unfree": false,
      "version": "1.22.5",
      "outputs_to_install": [
        "out"
      ],
      "outputs": {
        "out": "/nix/store/zacr7wkikp08mmlmq1cvw531lzzwndbn-kubefwd-1.22.5"
      },
      "system": "aarch64-darwin",
      "group": "toplevel",
      "priority": 5
    },
    {
      "attr_path": "kubefwd",
      "broken": false,
      "derivation": "/nix/store/a95dmn1ix6ill5aa7fjs1vnzhqzyshr1-kubefwd-1.22.5.drv",
      "description": "Bulk port forwarding Kubernetes services for local development",
      "install_id": "kubefwd",
      "license": "Apache-2.0",
      "locked_url": "https://github.com/flox/nixpkgs?rev=544961dfcce86422ba200ed9a0b00dd4b1486ec5",
      "name": "kubefwd-1.22.5",
      "pname": "kubefwd",
      "rev": "544961dfcce86422ba200ed9a0b00dd4b1486ec5",
      "rev_count": 878042,
      "rev_date": "2025-10-15T10:27:37Z",
      "scrape_date": "2025-10-17T04:19:17.365940Z",
      "stabilities": [
        "staging",
        "unstable"
      ],
      "unfree": false,
      "version": "1.22.5",
      "outputs_to_install": [
        "out"
      ],
      "outputs": {
        "out": "/nix/store/ws2ndabrdvkl8l5ivln5i7bvvqkmfhy3-kubefwd-1.22.5"
      },
      "system": "aarch64-linux",
      "group": "toplevel",
      "priority": 5
    },
    {
      "attr_path": "kubefwd",
      "broken": false,
      "derivation": "/nix/store/i35zvay36bvnqywirkpg8h28mxjw5aaa-kubefwd-1.22.5.drv",
      "description": "Bulk port forwarding Kubernetes services for local development",
      "install_id": "kubefwd",
      "license": "Apache-2.0",
      "locked_url": "https://github.com/flox/nixpkgs?rev=544961dfcce86422ba200ed9a0b00dd4b1486ec5",
      "name": "kubefwd-1.22.5",
      "pname": "kubefwd",
      "rev": "544961dfcce86422ba200ed9a0b00dd4b1486ec5",
      "rev_count": 878042,
      "rev_date": "2025-10-15T10:27:37Z",
      "scrape_date": "2025-10-17T04:52:01.966282Z",
      "stabilities": [
        "staging",
        "unstable"
      ],
      "unfree": false,
      "version": "1.22.5",
      "outputs_to_install": [
        "out"
      ],
      "outputs": {
        "out": "/nix/store/d1jxz9r4p203a3wyrdnfqmiq04ak5blf-kubefwd-1.22.5"
      },
      "system": "x86_64-darwin",
      "group": "toplevel",
      "priority": 5
    },
    {
      "attr_path": "kubefwd",
      "broken": false,
      "derivation": "/nix/store/pjf3qh3bicmj6qvra979gsh11n46rhrb-kubefwd-1.22.5.drv",
      "description": "Bulk port forwarding Kubernetes services for local development",
      "install_id": "kubefwd",
      "license": "Apache-2.0",
      "locked_url": "https://github.com/flox/nixpkgs?rev=544961dfcce86422ba200ed9a0b00dd4b1486ec5",
      "name": "kubefwd-1.22.5",
      "pname": "kubefwd",
      "rev": "544961dfcce86422ba200ed9a0b00dd4b1486ec5",
      "rev_count": 878042,
      "rev_date": "2025-10-15T10:27:37Z",
      "scrape_date": "2025-10-17T05:27:38.647594Z",
      "stabilities": [
        "staging",
        "unstable"
      ],
      "unfree": false,
      "version": "1.22.5",
      "outputs_to_install": [
        "out"
      ],
      "outputs": {
        "out": "/nix/store/sc4mihkr91b45521gx0n4gn5q99g5wz6-kubefwd-1.22.5"
      },
      "system": "x86_64-linux",
      "group": "toplevel",
      "priority": 5
    },
    {
      "attr_path": "kubernetes-helm",
      "broken": false,
      "derivation": "/nix/store/vdkpcp8rh9l4m7v597g14rzyh2a3zxzg-kubernetes-helm-3.19.0.drv",
      "description": "Package manager for kubernetes",
      "install_id": "kubernetes-helm",
      "license": "Apache-2.0",
      "locked_url": "https://github.com/flox/nixpkgs?rev=544961dfcce86422ba200ed9a0b00dd4b1486ec5",
      "name": "kubernetes-helm-3.19.0",
      "pname": "kubernetes-helm",
      "rev": "544961dfcce86422ba200ed9a0b00dd4b1486ec5",
      "rev_count": 878042,
      "rev_date": "2025-10-15T10:27:37Z",
      "scrape_date": "2025-10-17T03:45:21.920809Z",
      "stabilities": [
        "staging",
        "unstable"
      ],
      "unfree": false,
      "version": "3.19.0",
      "outputs_to_install": [
        "out"
      ],
      "outputs": {
        "out": "/nix/store/n0n03a8q03sank4abr83v1wp0q7kvl0d-kubernetes-helm-3.19.0"
      },
      "system": "aarch64-darwin",
      "group": "toplevel",
      "priority": 5
    },
    {
      "attr_path": "kubernetes-helm",
      "broken": false,
      "derivation": "/nix/store/58f2bf02qyy8lmfjhkayhcia1flxl4qn-kubernetes-helm-3.19.0.drv",
      "description": "Package manager for kubernetes",
      "install_id": "kubernetes-helm",
      "license": "Apache-2.0",
      "locked_url": "https://github.com/flox/nixpkgs?rev=544961dfcce86422ba200ed9a0b00dd4b1486ec5",
      "name": "kubernetes-helm-3.19.0",
      "pname": "kubernetes-helm",
      "rev": "544961dfcce86422ba200ed9a0b00dd4b1486ec5",
      "rev_count": 878042,
      "rev_date": "2025-10-15T10:27:37Z",
      "scrape_date": "2025-10-17T04:19:17.385425Z",
      "stabilities": [
        "staging",
        "unstable"
      ],
      "unfree": false,
      "version": "3.19.0",
      "outputs_to_install": [
        "out"
      ],
      "outputs": {
        "out": "/nix/store/686i1gk7yqmspasg5vrnw551filf5195-kubernetes-helm-3.19.0"
      },
      "system": "aarch64-linux",
      "group": "toplevel",
      "priority": 5
    },
    {
      "attr_path": "kubernetes-helm",
      "broken": false,
      "derivation": "/nix/store/akj6377npsrsy4r4724aj782pvzl3qbs-kubernetes-helm-3.19.0.drv",
      "description": "Package manager for kubernetes",
      "install_id": "kubernetes-helm",
      "license": "Apache-2.0",
      "locked_url": "https://github.com/flox/nixpkgs?rev=544961dfcce86422ba200ed9a0b00dd4b1486ec5",
      "name": "kubernetes-helm-3.19.0",
      "pname": "kubernetes-helm",
      "rev": "544961dfcce86422ba200ed9a0b00dd4b1486ec5",
      "rev_count": 878042,
      "rev_date": "2025-10-15T10:27:37Z",
      "scrape_date": "2025-10-17T04:52:01.980925Z",
      "stabilities": [
        "staging",
        "unstable"
      ],
      "unfree": false,
      "version": "3.19.0",
      "outputs_to_install": [
        "out"
      ],
      "outputs": {
        "out": "/nix/store/yb5qmlr4spkjhhw6xanyflaza8hlnm90-kubernetes-helm-3.19.0"
      },
      "system": "x86_64-darwin",
      "group": "toplevel",
      "priority": 5
    },
    {
      "attr_path": "kubernetes-helm",
      "broken": false,
      "derivation": "/nix/store/yzvphs4p6s26a7w6yka6ib0dminbr9da-kubernetes-helm-3.19.0.drv",
      "description": "Package manager for kubernetes",
      "install_id": "kubernetes-helm",
      "license": "Apache-2.0",
      "locked_url": "https://github.com/flox/nixpkgs?rev=544961dfcce86422ba200ed9a0b00dd4b1486ec5",
      "name": "kubernetes-helm-3.19.0",
      "pname": "kubernetes-helm",
      "rev": "544961dfcce86422ba200ed9a0b00dd4b1486ec5",
      "rev_count": 878042,
      "rev_date": "2025-10-15T10:27:37Z",
      "scrape_date": "2025-10-17T05:27:38.667707Z",
      "stabilities": [
        "staging",
        "unstable"
      ],
      "unfree": false,
      "version": "3.19.0",
      "outputs_to_install": [
        "out"
      ],
      "outputs": {
        "out": "/nix/store/rz50caa3rvsrr4hianhhq10af0g4hjp6-kubernetes-helm-3.19.0"
      },
      "system": "x86_64-linux",
      "group": "toplevel",
      "priority": 5
    }
  ]
}