{
  "lockfile-version": 1,
  "manifest": {
    "version": 1,
    "install": {
      "colima": {
        "pkg-path": "colima",
        "version": "0.8.1"
      },
      "docker": {
        "pkg-path": "docker",
        "version": "27.5.1"
      },
      "go": {
        "pkg-path": "go",
        "version": "^1.24.3"
      },
      "hurl": {
        "pkg-path": "hurl",
        "version": "6.1.1"
      },
      "kind": {
        "pkg-path": "kind",
        "version": "0.27.0"
      },
      "kubectl": {
        "pkg-path": "kubectl",
        "version": "1.33.1"
      },
      "kyverno-chainsaw": {
        "pkg-path": "kyverno-chainsaw",
        "version": "0.2.12"
      },
      "operator-sdk": {
        "pkg-path": "operator-sdk",
        "version": "1.39.2"
      },
      "python3": {
        "pkg-path": "python3",
        "version": "3.12.10"
      }
    },
    "hook": {
      "on-activate": "  # Autogenerated by Flox\n\n  # Point GOENV to Flox environment cache\n  export GOENV=\"$FLOX_ENV_CACHE/goenv\"\n\n  # Install Go dependencies\n  go get .\n\n  # End autogenerated by Flox\n"
    },
    "profile": {},
    "options": {
      "systems": [
        "aarch64-darwin",
        "aarch64-linux",
        "x86_64-darwin",
        "x86_64-linux"
      ]
    }
  },
  "packages": [
    {
      "attr_path": "colima",
      "broken": false,
      "derivation": "/nix/store/8y1cnps0g63yf9kkb5r7xnmx1czb9c40-colima-0.8.1.drv",
      "description": "Container runtimes with minimal setup",
      "install_id": "colima",
      "license": "MIT",
      "locked_url": "https://github.com/flox/nixpkgs?rev=4faa5f5321320e49a78ae7848582f684d64783e9",
      "name": "colima-0.8.1",
      "pname": "colima",
      "rev": "4faa5f5321320e49a78ae7848582f684d64783e9",
      "rev_count": 806853,
      "rev_date": "2025-05-27T18:28:29Z",
      "scrape_date": "2025-05-29T04:22:27.091779Z",
      "stabilities": [
        "unstable"
      ],
      "unfree": false,
      "version": "0.8.1",
      "outputs_to_install": [
        "out"
      ],
      "outputs": {
        "out": "/nix/store/1334847d9rsqlrsymd50z189rm6mjm0i-colima-0.8.1"
      },
      "system": "aarch64-darwin",
      "group": "toplevel",
      "priority": 5
    },
    {
      "attr_path": "colima",
      "broken": false,
      "derivation": "/nix/store/dszkp2ca6qdya62yqj6xklpl7c0sfbnm-colima-0.8.1.drv",
      "description": "Container runtimes with minimal setup",
      "install_id": "colima",
      "license": "MIT",
      "locked_url": "https://github.com/flox/nixpkgs?rev=4faa5f5321320e49a78ae7848582f684d64783e9",
      "name": "colima-0.8.1",
      "pname": "colima",
      "rev": "4faa5f5321320e49a78ae7848582f684d64783e9",
      "rev_count": 806853,
      "rev_date": "2025-05-27T18:28:29Z",
      "scrape_date": "2025-05-29T04:39:56.827832Z",
      "stabilities": [
        "unstable"
      ],
      "unfree": false,
      "version": "0.8.1",
      "outputs_to_install": [
        "out"
      ],
      "outputs": {
        "out": "/nix/store/3c5xcdvnay78q1yh6flk83b7536lzv6l-colima-0.8.1"
      },
      "system": "aarch64-linux",
      "group": "toplevel",
      "priority": 5
    },
    {
      "attr_path": "colima",
      "broken": false,
      "derivation": "/nix/store/zw3gb4n7k6lfh3y47paqwijq5d97gy0c-colima-0.8.1.drv",
      "description": "Container runtimes with minimal setup",
      "install_id": "colima",
      "license": "MIT",
      "locked_url": "https://github.com/flox/nixpkgs?rev=4faa5f5321320e49a78ae7848582f684d64783e9",
      "name": "colima-0.8.1",
      "pname": "colima",
      "rev": "4faa5f5321320e49a78ae7848582f684d64783e9",
      "rev_count": 806853,
      "rev_date": "2025-05-27T18:28:29Z",
      "scrape_date": "2025-05-29T04:56:02.066204Z",
      "stabilities": [
        "unstable"
      ],
      "unfree": false,
      "version": "0.8.1",
      "outputs_to_install": [
        "out"
      ],
      "outputs": {
        "out": "/nix/store/pl1kgin4q57156wn6bk7867jzdl5gmyr-colima-0.8.1"
      },
      "system": "x86_64-darwin",
      "group": "toplevel",
      "priority": 5
    },
    {
      "attr_path": "colima",
      "broken": false,
      "derivation": "/nix/store/3v5vq9lbk6nln3xy6h39p10z1kngafyq-colima-0.8.1.drv",
      "description": "Container runtimes with minimal setup",
      "install_id": "colima",
      "license": "MIT",
      "locked_url": "https://github.com/flox/nixpkgs?rev=4faa5f5321320e49a78ae7848582f684d64783e9",
      "name": "colima-0.8.1",
      "pname": "colima",
      "rev": "4faa5f5321320e49a78ae7848582f684d64783e9",
      "rev_count": 806853,
      "rev_date": "2025-05-27T18:28:29Z",
      "scrape_date": "2025-05-29T05:14:31.005896Z",
      "stabilities": [
        "unstable"
      ],
      "unfree": false,
      "version": "0.8.1",
      "outputs_to_install": [
        "out"
      ],
      "outputs": {
        "out": "/nix/store/jlqsd2b20prs5fv36qj2dvkpzpaskpr0-colima-0.8.1"
      },
      "system": "x86_64-linux",
      "group": "toplevel",
      "priority": 5
    },
    {
      "attr_path": "docker",
      "broken": false,
      "derivation": "/nix/store/ailmgnqi07b124kyn8b6n4nj0sybyhhd-docker-27.5.1.drv",
      "description": "Open source project to pack, ship and run any application as a lightweight container",
      "install_id": "docker",
      "license": "Apache-2.0",
      "locked_url": "https://github.com/flox/nixpkgs?rev=4faa5f5321320e49a78ae7848582f684d64783e9",
      "name": "docker-27.5.1",
      "pname": "docker",
      "rev": "4faa5f5321320e49a78ae7848582f684d64783e9",
      "rev_count": 806853,
      "rev_date": "2025-05-27T18:28:29Z",
      "scrape_date": "2025-05-29T04:22:27.278080Z",
      "stabilities": [
        "unstable"
      ],
      "unfree": false,
      "version": "27.5.1",
      "outputs_to_install": [
        "out"
      ],
      "outputs": {
        "out": "/nix/store/pybbyzjhaxnipawmh9mv394c67m8q28y-docker-27.5.1"
      },
      "system": "aarch64-darwin",
      "group": "toplevel",
      "priority": 5
    },
    {
      "attr_path": "docker",
      "broken": false,
      "derivation": "/nix/store/0q5fvny39v8qcm2yg8msdpbald5m3y5a-docker-27.5.1.drv",
      "description": "Open source project to pack, ship and run any application as a lightweight container",
      "install_id": "docker",
      "license": "Apache-2.0",
      "locked_url": "https://github.com/flox/nixpkgs?rev=4faa5f5321320e49a78ae7848582f684d64783e9",
      "name": "docker-27.5.1",
      "pname": "docker",
      "rev": "4faa5f5321320e49a78ae7848582f684d64783e9",
      "rev_count": 806853,
      "rev_date": "2025-05-27T18:28:29Z",
      "scrape_date": "2025-05-29T04:39:57.115993Z",
      "stabilities": [
        "unstable"
      ],
      "unfree": false,
      "version": "27.5.1",
      "outputs_to_install": [
        "out"
      ],
      "outputs": {
        "out": "/nix/store/a4g9xdcfaym8m6lcnb3qgx063772hmjf-docker-27.5.1"
      },
      "system": "aarch64-linux",
      "group": "toplevel",
      "priority": 5
    },
    {
      "attr_path": "docker",
      "broken": false,
      "derivation": "/nix/store/3gzbkyylxcg7g4icnzrwdskf4j4fs0yg-docker-27.5.1.drv",
      "description": "Open source project to pack, ship and run any application as a lightweight container",
      "install_id": "docker",
      "license": "Apache-2.0",
      "locked_url": "https://github.com/flox/nixpkgs?rev=4faa5f5321320e49a78ae7848582f684d64783e9",
      "name": "docker-27.5.1",
      "pname": "docker",
      "rev": "4faa5f5321320e49a78ae7848582f684d64783e9",
      "rev_count": 806853,
      "rev_date": "2025-05-27T18:28:29Z",
      "scrape_date": "2025-05-29T04:56:02.216217Z",
      "stabilities": [
        "unstable"
      ],
      "unfree": false,
      "version": "27.5.1",
      "outputs_to_install": [
        "out"
      ],
      "outputs": {
        "out": "/nix/store/gwg18hcv9v36daz4kc7y26miha22i15f-docker-27.5.1"
      },
      "system": "x86_64-darwin",
      "group": "toplevel",
      "priority": 5
    },
    {
      "attr_path": "docker",
      "broken": false,
      "derivation": "/nix/store/viq4akh03ckrl8ps4bzaxl70dcz1xwpd-docker-27.5.1.drv",
      "description": "Open source project to pack, ship and run any application as a lightweight container",
      "install_id": "docker",
      "license": "Apache-2.0",
      "locked_url": "https://github.com/flox/nixpkgs?rev=4faa5f5321320e49a78ae7848582f684d64783e9",
      "name": "docker-27.5.1",
      "pname": "docker",
      "rev": "4faa5f5321320e49a78ae7848582f684d64783e9",
      "rev_count": 806853,
      "rev_date": "2025-05-27T18:28:29Z",
      "scrape_date": "2025-05-29T05:14:31.330484Z",
      "stabilities": [
        "unstable"
      ],
      "unfree": false,
      "version": "27.5.1",
      "outputs_to_install": [
        "out"
      ],
      "outputs": {
        "out": "/nix/store/9bahiawy3wi5hkv8lwz2g9w63gcqkkf8-docker-27.5.1"
      },
      "system": "x86_64-linux",
      "group": "toplevel",
      "priority": 5
    },
    {
      "attr_path": "go",
      "broken": false,
      "derivation": "/nix/store/329sscyxvzdgfyykds76dwnlmxrpbf65-go-1.24.3.drv",
      "description": "Go Programming language",
      "install_id": "go",
      "license": "BSD-3-Clause",
      "locked_url": "https://github.com/flox/nixpkgs?rev=4faa5f5321320e49a78ae7848582f684d64783e9",
      "name": "go-1.24.3",
      "pname": "go",
      "rev": "4faa5f5321320e49a78ae7848582f684d64783e9",
      "rev_count": 806853,
      "rev_date": "2025-05-27T18:28:29Z",
      "scrape_date": "2025-05-29T04:22:27.717985Z",
      "stabilities": [
        "unstable"
      ],
      "unfree": false,
      "version": "1.24.3",
      "outputs_to_install": [
        "out"
      ],
      "outputs": {
        "out": "/nix/store/ps3admpzmc1ryvn9q7sw5xfd94dkrb3f-go-1.24.3"
      },
      "system": "aarch64-darwin",
      "group": "toplevel",
      "priority": 5
    },
    {
      "attr_path": "go",
      "broken": false,
      "derivation": "/nix/store/isgn9dhrlr1mix3swwr5h3aws839bafc-go-1.24.3.drv",
      "description": "Go Programming language",
      "install_id": "go",
      "license": "BSD-3-Clause",
      "locked_url": "https://github.com/flox/nixpkgs?rev=4faa5f5321320e49a78ae7848582f684d64783e9",
      "name": "go-1.24.3",
      "pname": "go",
      "rev": "4faa5f5321320e49a78ae7848582f684d64783e9",
      "rev_count": 806853,
      "rev_date": "2025-05-27T18:28:29Z",
      "scrape_date": "2025-05-29T04:39:58.149380Z",
      "stabilities": [
        "unstable"
      ],
      "unfree": false,
      "version": "1.24.3",
      "outputs_to_install": [
        "out"
      ],
      "outputs": {
        "out": "/nix/store/45bnqhyyq40p91k3cjw0farx3hn1swx6-go-1.24.3"
      },
      "system": "aarch64-linux",
      "group": "toplevel",
      "priority": 5
    },
    {
      "attr_path": "go",
      "broken": false,
      "derivation": "/nix/store/s39q71psw02ryk7h3aa76li6bagp6h1q-go-1.24.3.drv",
      "description": "Go Programming language",
      "install_id": "go",
      "license": "BSD-3-Clause",
      "locked_url": "https://github.com/flox/nixpkgs?rev=4faa5f5321320e49a78ae7848582f684d64783e9",
      "name": "go-1.24.3",
      "pname": "go",
      "rev": "4faa5f5321320e49a78ae7848582f684d64783e9",
      "rev_count": 806853,
      "rev_date": "2025-05-27T18:28:29Z",
      "scrape_date": "2025-05-29T04:56:02.711834Z",
      "stabilities": [
        "unstable"
      ],
      "unfree": false,
      "version": "1.24.3",
      "outputs_to_install": [
        "out"
      ],
      "outputs": {
        "out": "/nix/store/9z2kb6hxij7pqi0fgcn9ijhpb7ajpazs-go-1.24.3"
      },
      "system": "x86_64-darwin",
      "group": "toplevel",
      "priority": 5
    },
    {
      "attr_path": "go",
      "broken": false,
      "derivation": "/nix/store/8bavsrkczap815c77n4xyvzz4y7rx0r0-go-1.24.3.drv",
      "description": "Go Programming language",
      "install_id": "go",
      "license": "BSD-3-Clause",
      "locked_url": "https://github.com/flox/nixpkgs?rev=4faa5f5321320e49a78ae7848582f684d64783e9",
      "name": "go-1.24.3",
      "pname": "go",
      "rev": "4faa5f5321320e49a78ae7848582f684d64783e9",
      "rev_count": 806853,
      "rev_date": "2025-05-27T18:28:29Z",
      "scrape_date": "2025-05-29T05:14:32.469631Z",
      "stabilities": [
        "unstable"
      ],
      "unfree": false,
      "version": "1.24.3",
      "outputs_to_install": [
        "out"
      ],
      "outputs": {
        "out": "/nix/store/5xvi25nqmbrg58aixp4zgczilfnp7pwg-go-1.24.3"
      },
      "system": "x86_64-linux",
      "group": "toplevel",
      "priority": 5
    },
    {
      "attr_path": "hurl",
      "broken": false,
      "derivation": "/nix/store/3czngb1cdkc0yc1nsgqlfqq8ncwkbghh-hurl-6.1.1.drv",
      "description": "Command line tool that performs HTTP requests defined in a simple plain text format",
      "install_id": "hurl",
      "license": "Apache-2.0",
      "locked_url": "https://github.com/flox/nixpkgs?rev=4faa5f5321320e49a78ae7848582f684d64783e9",
      "name": "hurl-6.1.1",
      "pname": "hurl",
      "rev": "4faa5f5321320e49a78ae7848582f684d64783e9",
      "rev_count": 806853,
      "rev_date": "2025-05-27T18:28:29Z",
      "scrape_date": "2025-05-29T04:22:28.010380Z",
      "stabilities": [
        "unstable"
      ],
      "unfree": false,
      "version": "6.1.1",
      "outputs_to_install": [
        "out"
      ],
      "outputs": {
        "out": "/nix/store/15yi6ah5islsdcgidkbgzki1mvw312zb-hurl-6.1.1"
      },
      "system": "aarch64-darwin",
      "group": "toplevel",
      "priority": 5
    },
    {
      "attr_path": "hurl",
      "broken": false,
      "derivation": "/nix/store/ki2w5qv5s1gzvif3ap828izfa79c2s0n-hurl-6.1.1.drv",
      "description": "Command line tool that performs HTTP requests defined in a simple plain text format",
      "install_id": "hurl",
      "license": "Apache-2.0",
      "locked_url": "https://github.com/flox/nixpkgs?rev=4faa5f5321320e49a78ae7848582f684d64783e9",
      "name": "hurl-6.1.1",
      "pname": "hurl",
      "rev": "4faa5f5321320e49a78ae7848582f684d64783e9",
      "rev_count": 806853,
      "rev_date": "2025-05-27T18:28:29Z",
      "scrape_date": "2025-05-29T04:39:59.049642Z",
      "stabilities": [
        "unstable"
      ],
      "unfree": false,
      "version": "6.1.1",
      "outputs_to_install": [
        "out"
      ],
      "outputs": {
        "out": "/nix/store/9m2s4h26qfnihjgspc15i7kvrra400kq-hurl-6.1.1"
      },
      "system": "aarch64-linux",
      "group": "toplevel",
      "priority": 5
    },
    {
      "attr_path": "hurl",
      "broken": false,
      "derivation": "/nix/store/14kc4dfkw16dq23y8s7i4ph3dnd1bhhn-hurl-6.1.1.drv",
      "description": "Command line tool that performs HTTP requests defined in a simple plain text format",
      "install_id": "hurl",
      "license": "Apache-2.0",
      "locked_url": "https://github.com/flox/nixpkgs?rev=4faa5f5321320e49a78ae7848582f684d64783e9",
      "name": "hurl-6.1.1",
      "pname": "hurl",
      "rev": "4faa5f5321320e49a78ae7848582f684d64783e9",
      "rev_count": 806853,
      "rev_date": "2025-05-27T18:28:29Z",
      "scrape_date": "2025-05-29T04:56:03.008194Z",
      "stabilities": [
        "unstable"
      ],
      "unfree": false,
      "version": "6.1.1",
      "outputs_to_install": [
        "out"
      ],
      "outputs": {
        "out": "/nix/store/8v5br2ibkf026y41xlmdk2cg9ksb24is-hurl-6.1.1"
      },
      "system": "x86_64-darwin",
      "group": "toplevel",
      "priority": 5
    },
    {
      "attr_path": "hurl",
      "broken": false,
      "derivation": "/nix/store/l26x6676s6x2v60pqhy68niafc8czhf9-hurl-6.1.1.drv",
      "description": "Command line tool that performs HTTP requests defined in a simple plain text format",
      "install_id": "hurl",
      "license": "Apache-2.0",
      "locked_url": "https://github.com/flox/nixpkgs?rev=4faa5f5321320e49a78ae7848582f684d64783e9",
      "name": "hurl-6.1.1",
      "pname": "hurl",
      "rev": "4faa5f5321320e49a78ae7848582f684d64783e9",
      "rev_count": 806853,
      "rev_date": "2025-05-27T18:28:29Z",
      "scrape_date": "2025-05-29T05:14:33.430675Z",
      "stabilities": [
        "unstable"
      ],
      "unfree": false,
      "version": "6.1.1",
      "outputs_to_install": [
        "out"
      ],
      "outputs": {
        "out": "/nix/store/qsxkr4ndh8xmzq4p6356yy7n5pvwypd3-hurl-6.1.1"
      },
      "system": "x86_64-linux",
      "group": "toplevel",
      "priority": 5
    },
    {
      "attr_path": "kind",
      "broken": false,
      "derivation": "/nix/store/nkyv921jqijfcdp95rwq3ikh3f0260pa-kind-0.27.0.drv",
      "description": "Kubernetes IN Docker - local clusters for testing Kubernetes",
      "install_id": "kind",
      "license": "Apache-2.0",
      "locked_url": "https://github.com/flox/nixpkgs?rev=4faa5f5321320e49a78ae7848582f684d64783e9",
      "name": "kind-0.27.0",
      "pname": "kind",
      "rev": "4faa5f5321320e49a78ae7848582f684d64783e9",
      "rev_count": 806853,
      "rev_date": "2025-05-27T18:28:29Z",
      "scrape_date": "2025-05-29T04:22:28.281524Z",
      "stabilities": [
        "unstable"
      ],
      "unfree": false,
      "version": "0.27.0",
      "outputs_to_install": [
        "out"
      ],
      "outputs": {
        "out": "/nix/store/hxi2yz0v53i2vdjgrpiiw5f1l1xrn8ra-kind-0.27.0"
      },
      "system": "aarch64-darwin",
      "group": "toplevel",
      "priority": 5
    },
    {
      "attr_path": "kind",
      "broken": false,
      "derivation": "/nix/store/yfcq3pfndmzqw9jix7i1wprcqgnpqd9s-kind-0.27.0.drv",
      "description": "Kubernetes IN Docker - local clusters for testing Kubernetes",
      "install_id": "kind",
      "license": "Apache-2.0",
      "locked_url": "https://github.com/flox/nixpkgs?rev=4faa5f5321320e49a78ae7848582f684d64783e9",
      "name": "kind-0.27.0",
      "pname": "kind",
      "rev": "4faa5f5321320e49a78ae7848582f684d64783e9",
      "rev_count": 806853,
      "rev_date": "2025-05-27T18:28:29Z",
      "scrape_date": "2025-05-29T04:39:59.847224Z",
      "stabilities": [
        "unstable"
      ],
      "unfree": false,
      "version": "0.27.0",
      "outputs_to_install": [
        "out"
      ],
      "outputs": {
        "out": "/nix/store/0sa4hv12sq8q3m73g2kdav18yb0jbnmm-kind-0.27.0"
      },
      "system": "aarch64-linux",
      "group": "toplevel",
      "priority": 5
    },
    {
      "attr_path": "kind",
      "broken": false,
      "derivation": "/nix/store/nizvlpps8ccswf6ayrgykh57qx8479i8-kind-0.27.0.drv",
      "description": "Kubernetes IN Docker - local clusters for testing Kubernetes",
      "install_id": "kind",
      "license": "Apache-2.0",
      "locked_url": "https://github.com/flox/nixpkgs?rev=4faa5f5321320e49a78ae7848582f684d64783e9",
      "name": "kind-0.27.0",
      "pname": "kind",
      "rev": "4faa5f5321320e49a78ae7848582f684d64783e9",
      "rev_count": 806853,
      "rev_date": "2025-05-27T18:28:29Z",
      "scrape_date": "2025-05-29T04:56:03.289150Z",
      "stabilities": [
        "unstable"
      ],
      "unfree": false,
      "version": "0.27.0",
      "outputs_to_install": [
        "out"
      ],
      "outputs": {
        "out": "/nix/store/dkm6ibjbk5ra51cvr637iy2gfcrlbqp0-kind-0.27.0"
      },
      "system": "x86_64-darwin",
      "group": "toplevel",
      "priority": 5
    },
    {
      "attr_path": "kind",
      "broken": false,
      "derivation": "/nix/store/bglp4lrwnfgcm2xmif93kx1w1aznxw96-kind-0.27.0.drv",
      "description": "Kubernetes IN Docker - local clusters for testing Kubernetes",
      "install_id": "kind",
      "license": "Apache-2.0",
      "locked_url": "https://github.com/flox/nixpkgs?rev=4faa5f5321320e49a78ae7848582f684d64783e9",
      "name": "kind-0.27.0",
      "pname": "kind",
      "rev": "4faa5f5321320e49a78ae7848582f684d64783e9",
      "rev_count": 806853,
      "rev_date": "2025-05-27T18:28:29Z",
      "scrape_date": "2025-05-29T05:14:34.302418Z",
      "stabilities": [
        "unstable"
      ],
      "unfree": false,
      "version": "0.27.0",
      "outputs_to_install": [
        "out"
      ],
      "outputs": {
        "out": "/nix/store/1f4qk0ga3550d8w4lvqvrf5jrjz59kdy-kind-0.27.0"
      },
      "system": "x86_64-linux",
      "group": "toplevel",
      "priority": 5
    },
    {
      "attr_path": "kubectl",
      "broken": false,
      "derivation": "/nix/store/y1zi7k4wknhqp5l3myja57b7pkaywpa9-kubectl-1.33.1.drv",
      "description": "Kubernetes CLI",
      "install_id": "kubectl",
      "license": "Apache-2.0",
      "locked_url": "https://github.com/flox/nixpkgs?rev=4faa5f5321320e49a78ae7848582f684d64783e9",
      "name": "kubectl-1.33.1",
      "pname": "kubectl",
      "rev": "4faa5f5321320e49a78ae7848582f684d64783e9",
      "rev_count": 806853,
      "rev_date": "2025-05-27T18:28:29Z",
      "scrape_date": "2025-05-29T04:22:28.339868Z",
      "stabilities": [
        "unstable"
      ],
      "unfree": false,
      "version": "1.33.1",
      "outputs_to_install": [
        "man",
        "out"
      ],
      "outputs": {
        "convert": "/nix/store/cjm9i86w7is18g3cpsgfc0c3jmsnp0s8-kubectl-1.33.1-convert",
        "man": "/nix/store/20v8bx884m4i34zdkksdq5qpkm966m65-kubectl-1.33.1-man",
        "out": "/nix/store/vcq5gsn9rp26xbz14b5b2fd8map8qnvj-kubectl-1.33.1"
      },
      "system": "aarch64-darwin",
      "group": "toplevel",
      "priority": 5
    },
    {
      "attr_path": "kubectl",
      "broken": false,
      "derivation": "/nix/store/n6abq6pabyxxz36khzybjdiz65ycwm1l-kubectl-1.33.1.drv",
      "description": "Kubernetes CLI",
      "install_id": "kubectl",
      "license": "Apache-2.0",
      "locked_url": "https://github.com/flox/nixpkgs?rev=4faa5f5321320e49a78ae7848582f684d64783e9",
      "name": "kubectl-1.33.1",
      "pname": "kubectl",
      "rev": "4faa5f5321320e49a78ae7848582f684d64783e9",
      "rev_count": 806853,
      "rev_date": "2025-05-27T18:28:29Z",
      "scrape_date": "2025-05-29T04:39:59.985212Z",
      "stabilities": [
        "unstable"
      ],
      "unfree": false,
      "version": "1.33.1",
      "outputs_to_install": [
        "man",
        "out"
      ],
      "outputs": {
        "convert": "/nix/store/kh7b55lvpwfrdfbq3qrzcj9qjanfqn7c-kubectl-1.33.1-convert",
        "man": "/nix/store/gy8hdpwiqcy35zp0a9imbv4fqqy3cwn8-kubectl-1.33.1-man",
        "out": "/nix/store/m8406nxn25y7a80jxq6mdk70p1xl8xrc-kubectl-1.33.1"
      },
      "system": "aarch64-linux",
      "group": "toplevel",
      "priority": 5
    },
    {
      "attr_path": "kubectl",
      "broken": false,
      "derivation": "/nix/store/4197b90y7fjrnih7idz612d98dmdrsik-kubectl-1.33.1.drv",
      "description": "Kubernetes CLI",
      "install_id": "kubectl",
      "license": "Apache-2.0",
      "locked_url": "https://github.com/flox/nixpkgs?rev=4faa5f5321320e49a78ae7848582f684d64783e9",
      "name": "kubectl-1.33.1",
      "pname": "kubectl",
      "rev": "4faa5f5321320e49a78ae7848582f684d64783e9",
      "rev_count": 806853,
      "rev_date": "2025-05-27T18:28:29Z",
      "scrape_date": "2025-05-29T04:56:03.348970Z",
      "stabilities": [
        "unstable"
      ],
      "unfree": false,
      "version": "1.33.1",
      "outputs_to_install": [
        "man",
        "out"
      ],
      "outputs": {
        "convert": "/nix/store/fdpw2205wf6qq7h271nzbhxdmx561vq0-kubectl-1.33.1-convert",
        "man": "/nix/store/0n7ik9w8sjrhanv7yb1ijhwyawx7xcz2-kubectl-1.33.1-man",
        "out": "/nix/store/g8r4y54jpdyrvnrbhqyg60sr1wpqx0ff-kubectl-1.33.1"
      },
      "system": "x86_64-darwin",
      "group": "toplevel",
      "priority": 5
    },
    {
      "attr_path": "kubectl",
      "broken": false,
      "derivation": "/nix/store/zm6axqk5pp6nbcgm7ydmln9rvqb5j8hw-kubectl-1.33.1.drv",
      "description": "Kubernetes CLI",
      "install_id": "kubectl",
      "license": "Apache-2.0",
      "locked_url": "https://github.com/flox/nixpkgs?rev=4faa5f5321320e49a78ae7848582f684d64783e9",
      "name": "kubectl-1.33.1",
      "pname": "kubectl",
      "rev": "4faa5f5321320e49a78ae7848582f684d64783e9",
      "rev_count": 806853,
      "rev_date": "2025-05-27T18:28:29Z",
      "scrape_date": "2025-05-29T05:14:34.450606Z",
      "stabilities": [
        "unstable"
      ],
      "unfree": false,
      "version": "1.33.1",
      "outputs_to_install": [
        "man",
        "out"
      ],
      "outputs": {
        "convert": "/nix/store/yqlm8fmchxsxzica482r16sfm8x84hck-kubectl-1.33.1-convert",
        "man": "/nix/store/hhank6pxbzwzm6b6gphpc1rj2jjdpmmk-kubectl-1.33.1-man",
        "out": "/nix/store/lrfm3r4z5iqyn5fqf085bdyp7b5ghhdr-kubectl-1.33.1"
      },
      "system": "x86_64-linux",
      "group": "toplevel",
      "priority": 5
    },
    {
      "attr_path": "kyverno-chainsaw",
      "broken": false,
      "derivation": "/nix/store/7ssnvj9yb6fww6jlvlr6mk585pfsr22q-kyverno-chainsaw-0.2.12.drv",
      "description": "Declarative approach to test Kubernetes operators and controllers",
      "install_id": "kyverno-chainsaw",
      "license": "Apache-2.0",
      "locked_url": "https://github.com/flox/nixpkgs?rev=4faa5f5321320e49a78ae7848582f684d64783e9",
      "name": "kyverno-chainsaw-0.2.12",
      "pname": "kyverno-chainsaw",
      "rev": "4faa5f5321320e49a78ae7848582f684d64783e9",
      "rev_count": 806853,
      "rev_date": "2025-05-27T18:28:29Z",
      "scrape_date": "2025-05-29T04:22:28.370190Z",
      "stabilities": [
        "unstable"
      ],
      "unfree": false,
      "version": "0.2.12",
      "outputs_to_install": [
        "out"
      ],
      "outputs": {
        "out": "/nix/store/79mvr7da94lfbdnjgljp4sccwfm2y96l-kyverno-chainsaw-0.2.12"
      },
      "system": "aarch64-darwin",
      "group": "toplevel",
      "priority": 5
    },
    {
      "attr_path": "kyverno-chainsaw",
      "broken": false,
      "derivation": "/nix/store/kn7bfazr63rsdnpf43dfldl45zhlpmm6-kyverno-chainsaw-0.2.12.drv",
      "description": "Declarative approach to test Kubernetes operators and controllers",
      "install_id": "kyverno-chainsaw",
      "license": "Apache-2.0",
      "locked_url": "https://github.com/flox/nixpkgs?rev=4faa5f5321320e49a78ae7848582f684d64783e9",
      "name": "kyverno-chainsaw-0.2.12",
      "pname": "kyverno-chainsaw",
      "rev": "4faa5f5321320e49a78ae7848582f684d64783e9",
      "rev_count": 806853,
      "rev_date": "2025-05-27T18:28:29Z",
      "scrape_date": "2025-05-29T04:40:00.036401Z",
      "stabilities": [
        "unstable"
      ],
      "unfree": false,
      "version": "0.2.12",
      "outputs_to_install": [
        "out"
      ],
      "outputs": {
        "out": "/nix/store/nrnnnp8crrwawq4yjra984jli9265vsc-kyverno-chainsaw-0.2.12"
      },
      "system": "aarch64-linux",
      "group": "toplevel",
      "priority": 5
    },
    {
      "attr_path": "kyverno-chainsaw",
      "broken": false,
      "derivation": "/nix/store/0gm2ay3vywqc3yy2x2q7w3vdaq9s51dd-kyverno-chainsaw-0.2.12.drv",
      "description": "Declarative approach to test Kubernetes operators and controllers",
      "install_id": "kyverno-chainsaw",
      "license": "Apache-2.0",
      "locked_url": "https://github.com/flox/nixpkgs?rev=4faa5f5321320e49a78ae7848582f684d64783e9",
      "name": "kyverno-chainsaw-0.2.12",
      "pname": "kyverno-chainsaw",
      "rev": "4faa5f5321320e49a78ae7848582f684d64783e9",
      "rev_count": 806853,
      "rev_date": "2025-05-27T18:28:29Z",
      "scrape_date": "2025-05-29T04:56:03.380069Z",
      "stabilities": [
        "unstable"
      ],
      "unfree": false,
      "version": "0.2.12",
      "outputs_to_install": [
        "out"
      ],
      "outputs": {
        "out": "/nix/store/21h1i3b4cig0rnk30ahxl1hnjv0gp97w-kyverno-chainsaw-0.2.12"
      },
      "system": "x86_64-darwin",
      "group": "toplevel",
      "priority": 5
    },
    {
      "attr_path": "kyverno-chainsaw",
      "broken": false,
      "derivation": "/nix/store/v9l3gfcbp7lkihrx5xmskip3vw0rfwpl-kyverno-chainsaw-0.2.12.drv",
      "description": "Declarative approach to test Kubernetes operators and controllers",
      "install_id": "kyverno-chainsaw",
      "license": "Apache-2.0",
      "locked_url": "https://github.com/flox/nixpkgs?rev=4faa5f5321320e49a78ae7848582f684d64783e9",
      "name": "kyverno-chainsaw-0.2.12",
      "pname": "kyverno-chainsaw",
      "rev": "4faa5f5321320e49a78ae7848582f684d64783e9",
      "rev_count": 806853,
      "rev_date": "2025-05-27T18:28:29Z",
      "scrape_date": "2025-05-29T05:14:34.504236Z",
      "stabilities": [
        "unstable"
      ],
      "unfree": false,
      "version": "0.2.12",
      "outputs_to_install": [
        "out"
      ],
      "outputs": {
        "out": "/nix/store/aq38l6bb1ijjnjm1f10wzmc2kl72j19a-kyverno-chainsaw-0.2.12"
      },
      "system": "x86_64-linux",
      "group": "toplevel",
      "priority": 5
    },
    {
      "attr_path": "operator-sdk",
      "broken": false,
      "derivation": "/nix/store/ik0i4hkpwap9387870fi1a8rjgbp7wa6-operator-sdk-1.39.2.drv",
      "description": "SDK for building Kubernetes applications. Provides high level APIs, useful abstractions, and project scaffolding",
      "install_id": "operator-sdk",
      "license": "Apache-2.0",
      "locked_url": "https://github.com/flox/nixpkgs?rev=4faa5f5321320e49a78ae7848582f684d64783e9",
      "name": "operator-sdk-1.39.2",
      "pname": "operator-sdk",
      "rev": "4faa5f5321320e49a78ae7848582f684d64783e9",
      "rev_count": 806853,
      "rev_date": "2025-05-27T18:28:29Z",
      "scrape_date": "2025-05-29T04:22:30.992844Z",
      "stabilities": [
        "unstable"
      ],
      "unfree": false,
      "version": "1.39.2",
      "outputs_to_install": [
        "out"
      ],
      "outputs": {
        "out": "/nix/store/ifnpz47nva6rhf3mkcnr94hn5vk9kxni-operator-sdk-1.39.2"
      },
      "system": "aarch64-darwin",
      "group": "toplevel",
      "priority": 5
    },
    {
      "attr_path": "operator-sdk",
      "broken": false,
      "derivation": "/nix/store/mxvyrj1v98zh005n1igvsfqga43h39gl-operator-sdk-1.39.2.drv",
      "description": "SDK for building Kubernetes applications. Provides high level APIs, useful abstractions, and project scaffolding",
      "install_id": "operator-sdk",
      "license": "Apache-2.0",
      "locked_url": "https://github.com/flox/nixpkgs?rev=4faa5f5321320e49a78ae7848582f684d64783e9",
      "name": "operator-sdk-1.39.2",
      "pname": "operator-sdk",
      "rev": "4faa5f5321320e49a78ae7848582f684d64783e9",
      "rev_count": 806853,
      "rev_date": "2025-05-27T18:28:29Z",
      "scrape_date": "2025-05-29T04:40:09.718518Z",
      "stabilities": [
        "unstable"
      ],
      "unfree": false,
      "version": "1.39.2",
      "outputs_to_install": [
        "out"
      ],
      "outputs": {
        "out": "/nix/store/d9jhmx424l7wv7gy8qqjvcbhj13d4wfl-operator-sdk-1.39.2"
      },
      "system": "aarch64-linux",
      "group": "toplevel",
      "priority": 5
    },
    {
      "attr_path": "operator-sdk",
      "broken": false,
      "derivation": "/nix/store/x2ck1yaahvl9gyx1p272p652ihic13mp-operator-sdk-1.39.2.drv",
      "description": "SDK for building Kubernetes applications. Provides high level APIs, useful abstractions, and project scaffolding",
      "install_id": "operator-sdk",
      "license": "Apache-2.0",
      "locked_url": "https://github.com/flox/nixpkgs?rev=4faa5f5321320e49a78ae7848582f684d64783e9",
      "name": "operator-sdk-1.39.2",
      "pname": "operator-sdk",
      "rev": "4faa5f5321320e49a78ae7848582f684d64783e9",
      "rev_count": 806853,
      "rev_date": "2025-05-27T18:28:29Z",
      "scrape_date": "2025-05-29T04:56:06.048459Z",
      "stabilities": [
        "unstable"
      ],
      "unfree": false,
      "version": "1.39.2",
      "outputs_to_install": [
        "out"
      ],
      "outputs": {
        "out": "/nix/store/178xdzsyv4iix5mc0w7d2v9nhqd9nyg5-operator-sdk-1.39.2"
      },
      "system": "x86_64-darwin",
      "group": "toplevel",
      "priority": 5
    },
    {
      "attr_path": "operator-sdk",
      "broken": false,
      "derivation": "/nix/store/ypq8viqa7kv23ni0q4q3jl745wrqcmy9-operator-sdk-1.39.2.drv",
      "description": "SDK for building Kubernetes applications. Provides high level APIs, useful abstractions, and project scaffolding",
      "install_id": "operator-sdk",
      "license": "Apache-2.0",
      "locked_url": "https://github.com/flox/nixpkgs?rev=4faa5f5321320e49a78ae7848582f684d64783e9",
      "name": "operator-sdk-1.39.2",
      "pname": "operator-sdk",
      "rev": "4faa5f5321320e49a78ae7848582f684d64783e9",
      "rev_count": 806853,
      "rev_date": "2025-05-27T18:28:29Z",
      "scrape_date": "2025-05-29T05:14:45.948096Z",
      "stabilities": [
        "unstable"
      ],
      "unfree": false,
      "version": "1.39.2",
      "outputs_to_install": [
        "out"
      ],
      "outputs": {
        "out": "/nix/store/bj99df1xcwvfqpyv3l7iiwicn7zx32wd-operator-sdk-1.39.2"
      },
      "system": "x86_64-linux",
      "group": "toplevel",
      "priority": 5
    },
    {
      "attr_path": "python3",
      "broken": false,
      "derivation": "/nix/store/nzwj02s7zyxrzyqvcz3dvxdvwm2chv61-python3-3.12.10.drv",
      "description": "High-level dynamically-typed programming language",
      "install_id": "python3",
      "license": "Python-2.0",
      "locked_url": "https://github.com/flox/nixpkgs?rev=4faa5f5321320e49a78ae7848582f684d64783e9",
      "name": "python3-3.12.10",
      "pname": "python3",
      "rev": "4faa5f5321320e49a78ae7848582f684d64783e9",
      "rev_count": 806853,
      "rev_date": "2025-05-27T18:28:29Z",
      "scrape_date": "2025-05-29T04:22:36.090383Z",
      "stabilities": [
        "unstable"
      ],
      "unfree": false,
      "version": "3.12.10",
      "outputs_to_install": [
        "out"
      ],
      "outputs": {
        "out": "/nix/store/v0vy1c59f0vf71h64caw17hzymvg0zms-python3-3.12.10"
      },
      "system": "aarch64-darwin",
      "group": "toplevel",
      "priority": 5
    },
    {
      "attr_path": "python3",
      "broken": false,
      "derivation": "/nix/store/7k802fimdgwvibasmy6fmcn2ixy6xs0r-python3-3.12.10.drv",
      "description": "High-level dynamically-typed programming language",
      "install_id": "python3",
      "license": "Python-2.0",
      "locked_url": "https://github.com/flox/nixpkgs?rev=4faa5f5321320e49a78ae7848582f684d64783e9",
      "name": "python3-3.12.10",
      "pname": "python3",
      "rev": "4faa5f5321320e49a78ae7848582f684d64783e9",
      "rev_count": 806853,
      "rev_date": "2025-05-27T18:28:29Z",
      "scrape_date": "2025-05-29T04:40:19.165823Z",
      "stabilities": [
        "unstable"
      ],
      "unfree": false,
      "version": "3.12.10",
      "outputs_to_install": [
        "out"
      ],
      "outputs": {
        "debug": "/nix/store/p61ablwahkxdx97pwlz29b04zpncgmvg-python3-3.12.10-debug",
        "out": "/nix/store/rpf3admp58i0lwmsbv0y3dg7l7qqj4a9-python3-3.12.10"
      },
      "system": "aarch64-linux",
      "group": "toplevel",
      "priority": 5
    },
    {
      "attr_path": "python3",
      "broken": false,
      "derivation": "/nix/store/bry67cscjpz0zhmiprr7iyn3473f26c0-python3-3.12.10.drv",
      "description": "High-level dynamically-typed programming language",
      "install_id": "python3",
      "license": "Python-2.0",
      "locked_url": "https://github.com/flox/nixpkgs?rev=4faa5f5321320e49a78ae7848582f684d64783e9",
      "name": "python3-3.12.10",
      "pname": "python3",
      "rev": "4faa5f5321320e49a78ae7848582f684d64783e9",
      "rev_count": 806853,
      "rev_date": "2025-05-27T18:28:29Z",
      "scrape_date": "2025-05-29T04:56:11.199813Z",
      "stabilities": [
        "unstable"
      ],
      "unfree": false,
      "version": "3.12.10",
      "outputs_to_install": [
        "out"
      ],
      "outputs": {
        "out": "/nix/store/g13l84j8gn1fdhl3pzkg2r9ip9jz1hhd-python3-3.12.10"
      },
      "system": "x86_64-darwin",
      "group": "toplevel",
      "priority": 5
    },
    {
      "attr_path": "python3",
      "broken": false,
      "derivation": "/nix/store/z22g908n9sgcdsly56xyph8qybxcdrm9-python3-3.12.10.drv",
      "description": "High-level dynamically-typed programming language",
      "install_id": "python3",
      "license": "Python-2.0",
      "locked_url": "https://github.com/flox/nixpkgs?rev=4faa5f5321320e49a78ae7848582f684d64783e9",
      "name": "python3-3.12.10",
      "pname": "python3",
      "rev": "4faa5f5321320e49a78ae7848582f684d64783e9",
      "rev_count": 806853,
      "rev_date": "2025-05-27T18:28:29Z",
      "scrape_date": "2025-05-29T05:14:56.148132Z",
      "stabilities": [
        "unstable"
      ],
      "unfree": false,
      "version": "3.12.10",
      "outputs_to_install": [
        "out"
      ],
      "outputs": {
        "debug": "/nix/store/fi03x2bn49bmm3h53snkdmkypilnd5n2-python3-3.12.10-debug",
        "out": "/nix/store/8w718rm43x7z73xhw9d6vh8s4snrq67h-python3-3.12.10"
      },
      "system": "x86_64-linux",
      "group": "toplevel",
      "priority": 5
    }
  ]
}